// !$*UTF8*$!
{
	archiveVersion = 1;
	classes = {
	};
	objectVersion = 51;
	objects = {

/* Begin PBXBuildFile section */
		4FBA72620C2F17F7A0AB5C9C /* Pods_Velance.framework in Frameworks */ = {isa = PBXBuildFile; fileRef = 15D9057233A5C711D0B7188D /* Pods_Velance.framework */; };
		7C8EC8C626EF069900893CCD /* ShoppingItemCollectionViewCell.swift in Sources */ = {isa = PBXBuildFile; fileRef = 7C8EC8C426EF069900893CCD /* ShoppingItemCollectionViewCell.swift */; };
		7C8EC8C726EF069900893CCD /* ShoppingItemCollectionViewCell.xib in Resources */ = {isa = PBXBuildFile; fileRef = 7C8EC8C526EF069900893CCD /* ShoppingItemCollectionViewCell.xib */; };
		7CC36A2926EC5ED8007573DD /* SceneDelegate.swift in Sources */ = {isa = PBXBuildFile; fileRef = 7CC36A2826EC5ED8007573DD /* SceneDelegate.swift */; };
		7CC36A2B26EC5ED8007573DD /* MainViewController.swift in Sources */ = {isa = PBXBuildFile; fileRef = 7CC36A2A26EC5ED8007573DD /* MainViewController.swift */; };
		7CC36A2E26EC5ED8007573DD /* Main.storyboard in Resources */ = {isa = PBXBuildFile; fileRef = 7CC36A2C26EC5ED8007573DD /* Main.storyboard */; };
		7CC36A3026EC5EDB007573DD /* Assets.xcassets in Resources */ = {isa = PBXBuildFile; fileRef = 7CC36A2F26EC5EDB007573DD /* Assets.xcassets */; };
		7CC36A3326EC5EDB007573DD /* LaunchScreen.storyboard in Resources */ = {isa = PBXBuildFile; fileRef = 7CC36A3126EC5EDB007573DD /* LaunchScreen.storyboard */; };
		7CC36A4126EC63D8007573DD /* UserRegister.storyboard in Resources */ = {isa = PBXBuildFile; fileRef = 7CC36A4026EC63D8007573DD /* UserRegister.storyboard */; };
		7CC36A4626EC6437007573DD /* Shopping.storyboard in Resources */ = {isa = PBXBuildFile; fileRef = 7CC36A4526EC6437007573DD /* Shopping.storyboard */; };
		7CC36A4926EC647E007573DD /* AppDelegate.swift in Sources */ = {isa = PBXBuildFile; fileRef = 7CC36A4826EC647E007573DD /* AppDelegate.swift */; };
		7CC36A4B26EC648D007573DD /* UserManager.swift in Sources */ = {isa = PBXBuildFile; fileRef = 7CC36A4A26EC648D007573DD /* UserManager.swift */; };
		7CC36A4D26EC65D7007573DD /* Constants.swift in Sources */ = {isa = PBXBuildFile; fileRef = 7CC36A4C26EC65D7007573DD /* Constants.swift */; };
		7CC36A4F26EC6E40007573DD /* ShoppingViewController.swift in Sources */ = {isa = PBXBuildFile; fileRef = 7CC36A4E26EC6E40007573DD /* ShoppingViewController.swift */; };
		7CC36A5226EC70C1007573DD /* UIViewController+Extension.swift in Sources */ = {isa = PBXBuildFile; fileRef = 7CC36A5126EC70C1007573DD /* UIViewController+Extension.swift */; };
		7CC36A5426EC7194007573DD /* Home.storyboard in Resources */ = {isa = PBXBuildFile; fileRef = 7CC36A5326EC7194007573DD /* Home.storyboard */; };
		7CC36A5626EC7272007573DD /* HomeViewController.swift in Sources */ = {isa = PBXBuildFile; fileRef = 7CC36A5526EC7272007573DD /* HomeViewController.swift */; };
		7CC36A5826EC8561007573DD /* UIButton+Extension.swift in Sources */ = {isa = PBXBuildFile; fileRef = 7CC36A5726EC8561007573DD /* UIButton+Extension.swift */; };
		7CC36A5B26EC8A6C007573DD /* ChooseTypeViewController.swift in Sources */ = {isa = PBXBuildFile; fileRef = 7CC36A5A26EC8A6C007573DD /* ChooseTypeViewController.swift */; };
		7CC36A5D26EC8A8A007573DD /* ChooseDetailViewController.swift in Sources */ = {isa = PBXBuildFile; fileRef = 7CC36A5C26EC8A8A007573DD /* ChooseDetailViewController.swift */; };
		7CC36A5F26EC8A90007573DD /* ChooseReasonViewController.swift in Sources */ = {isa = PBXBuildFile; fileRef = 7CC36A5E26EC8A90007573DD /* ChooseReasonViewController.swift */; };
		7CC36A6126EC8A9E007573DD /* AnalyzingViewController.swift in Sources */ = {isa = PBXBuildFile; fileRef = 7CC36A6026EC8A9E007573DD /* AnalyzingViewController.swift */; };
		7CC36A8D26EE3DCD007573DD /* UserRegisterValues.swift in Sources */ = {isa = PBXBuildFile; fileRef = 7CC36A8C26EE3DCD007573DD /* UserRegisterValues.swift */; };
		7CC36A9326EE3F2D007573DD /* VLTitleLabel.swift in Sources */ = {isa = PBXBuildFile; fileRef = 7CC36A8F26EE3F2C007573DD /* VLTitleLabel.swift */; };
		7CC36A9426EE3F2D007573DD /* AlertViewController.swift in Sources */ = {isa = PBXBuildFile; fileRef = 7CC36A9026EE3F2C007573DD /* AlertViewController.swift */; };
		7CC36A9526EE3F2D007573DD /* VLBodyLabel.swift in Sources */ = {isa = PBXBuildFile; fileRef = 7CC36A9126EE3F2D007573DD /* VLBodyLabel.swift */; };
		7CC36A9626EE3F2D007573DD /* VLButton.swift in Sources */ = {isa = PBXBuildFile; fileRef = 7CC36A9226EE3F2D007573DD /* VLButton.swift */; };
/* End PBXBuildFile section */

/* Begin PBXFileReference section */
		15D9057233A5C711D0B7188D /* Pods_Velance.framework */ = {isa = PBXFileReference; explicitFileType = wrapper.framework; includeInIndex = 0; path = Pods_Velance.framework; sourceTree = BUILT_PRODUCTS_DIR; };
		51542761A4DBABA0458111E7 /* Pods-Velance.release.xcconfig */ = {isa = PBXFileReference; includeInIndex = 1; lastKnownFileType = text.xcconfig; name = "Pods-Velance.release.xcconfig"; path = "Target Support Files/Pods-Velance/Pods-Velance.release.xcconfig"; sourceTree = "<group>"; };
		7C8EC8C426EF069900893CCD /* ShoppingItemCollectionViewCell.swift */ = {isa = PBXFileReference; lastKnownFileType = sourcecode.swift; path = ShoppingItemCollectionViewCell.swift; sourceTree = "<group>"; };
		7C8EC8C526EF069900893CCD /* ShoppingItemCollectionViewCell.xib */ = {isa = PBXFileReference; lastKnownFileType = file.xib; path = ShoppingItemCollectionViewCell.xib; sourceTree = "<group>"; };
		7CC36A2326EC5ED8007573DD /* Velance.app */ = {isa = PBXFileReference; explicitFileType = wrapper.application; includeInIndex = 0; path = Velance.app; sourceTree = BUILT_PRODUCTS_DIR; };
		7CC36A2826EC5ED8007573DD /* SceneDelegate.swift */ = {isa = PBXFileReference; lastKnownFileType = sourcecode.swift; path = SceneDelegate.swift; sourceTree = "<group>"; };
		7CC36A2A26EC5ED8007573DD /* MainViewController.swift */ = {isa = PBXFileReference; lastKnownFileType = sourcecode.swift; path = MainViewController.swift; sourceTree = "<group>"; };
		7CC36A2D26EC5ED8007573DD /* Base */ = {isa = PBXFileReference; lastKnownFileType = file.storyboard; name = Base; path = Base.lproj/Main.storyboard; sourceTree = "<group>"; };
		7CC36A2F26EC5EDB007573DD /* Assets.xcassets */ = {isa = PBXFileReference; lastKnownFileType = folder.assetcatalog; path = Assets.xcassets; sourceTree = "<group>"; };
		7CC36A3226EC5EDB007573DD /* Base */ = {isa = PBXFileReference; lastKnownFileType = file.storyboard; name = Base; path = Base.lproj/LaunchScreen.storyboard; sourceTree = "<group>"; };
		7CC36A3426EC5EDB007573DD /* Info.plist */ = {isa = PBXFileReference; lastKnownFileType = text.plist.xml; path = Info.plist; sourceTree = "<group>"; };
		7CC36A4026EC63D8007573DD /* UserRegister.storyboard */ = {isa = PBXFileReference; lastKnownFileType = file.storyboard; path = UserRegister.storyboard; sourceTree = "<group>"; };
		7CC36A4526EC6437007573DD /* Shopping.storyboard */ = {isa = PBXFileReference; lastKnownFileType = file.storyboard; path = Shopping.storyboard; sourceTree = "<group>"; };
		7CC36A4826EC647E007573DD /* AppDelegate.swift */ = {isa = PBXFileReference; fileEncoding = 4; lastKnownFileType = sourcecode.swift; path = AppDelegate.swift; sourceTree = "<group>"; };
		7CC36A4A26EC648D007573DD /* UserManager.swift */ = {isa = PBXFileReference; lastKnownFileType = sourcecode.swift; path = UserManager.swift; sourceTree = "<group>"; };
		7CC36A4C26EC65D7007573DD /* Constants.swift */ = {isa = PBXFileReference; lastKnownFileType = sourcecode.swift; path = Constants.swift; sourceTree = "<group>"; };
		7CC36A4E26EC6E40007573DD /* ShoppingViewController.swift */ = {isa = PBXFileReference; lastKnownFileType = sourcecode.swift; path = ShoppingViewController.swift; sourceTree = "<group>"; };
		7CC36A5126EC70C1007573DD /* UIViewController+Extension.swift */ = {isa = PBXFileReference; lastKnownFileType = sourcecode.swift; path = "UIViewController+Extension.swift"; sourceTree = "<group>"; };
		7CC36A5326EC7194007573DD /* Home.storyboard */ = {isa = PBXFileReference; lastKnownFileType = file.storyboard; path = Home.storyboard; sourceTree = "<group>"; };
		7CC36A5526EC7272007573DD /* HomeViewController.swift */ = {isa = PBXFileReference; lastKnownFileType = sourcecode.swift; path = HomeViewController.swift; sourceTree = "<group>"; };
		7CC36A5726EC8561007573DD /* UIButton+Extension.swift */ = {isa = PBXFileReference; lastKnownFileType = sourcecode.swift; path = "UIButton+Extension.swift"; sourceTree = "<group>"; };
		7CC36A5A26EC8A6C007573DD /* ChooseTypeViewController.swift */ = {isa = PBXFileReference; lastKnownFileType = sourcecode.swift; path = ChooseTypeViewController.swift; sourceTree = "<group>"; };
		7CC36A5C26EC8A8A007573DD /* ChooseDetailViewController.swift */ = {isa = PBXFileReference; lastKnownFileType = sourcecode.swift; path = ChooseDetailViewController.swift; sourceTree = "<group>"; };
		7CC36A5E26EC8A90007573DD /* ChooseReasonViewController.swift */ = {isa = PBXFileReference; lastKnownFileType = sourcecode.swift; path = ChooseReasonViewController.swift; sourceTree = "<group>"; };
		7CC36A6026EC8A9E007573DD /* AnalyzingViewController.swift */ = {isa = PBXFileReference; lastKnownFileType = sourcecode.swift; path = AnalyzingViewController.swift; sourceTree = "<group>"; };
		7CC36A8C26EE3DCD007573DD /* UserRegisterValues.swift */ = {isa = PBXFileReference; lastKnownFileType = sourcecode.swift; path = UserRegisterValues.swift; sourceTree = "<group>"; };
		7CC36A8F26EE3F2C007573DD /* VLTitleLabel.swift */ = {isa = PBXFileReference; fileEncoding = 4; lastKnownFileType = sourcecode.swift; path = VLTitleLabel.swift; sourceTree = "<group>"; };
		7CC36A9026EE3F2C007573DD /* AlertViewController.swift */ = {isa = PBXFileReference; fileEncoding = 4; lastKnownFileType = sourcecode.swift; path = AlertViewController.swift; sourceTree = "<group>"; };
		7CC36A9126EE3F2D007573DD /* VLBodyLabel.swift */ = {isa = PBXFileReference; fileEncoding = 4; lastKnownFileType = sourcecode.swift; path = VLBodyLabel.swift; sourceTree = "<group>"; };
		7CC36A9226EE3F2D007573DD /* VLButton.swift */ = {isa = PBXFileReference; fileEncoding = 4; lastKnownFileType = sourcecode.swift; path = VLButton.swift; sourceTree = "<group>"; };
		AE20086C63AF53ABBB3FE514 /* Pods-Velance.debug.xcconfig */ = {isa = PBXFileReference; includeInIndex = 1; lastKnownFileType = text.xcconfig; name = "Pods-Velance.debug.xcconfig"; path = "Target Support Files/Pods-Velance/Pods-Velance.debug.xcconfig"; sourceTree = "<group>"; };
/* End PBXFileReference section */

/* Begin PBXFrameworksBuildPhase section */
		7CC36A2026EC5ED8007573DD /* Frameworks */ = {
			isa = PBXFrameworksBuildPhase;
			buildActionMask = 2147483647;
			files = (
				4FBA72620C2F17F7A0AB5C9C /* Pods_Velance.framework in Frameworks */,
			);
			runOnlyForDeploymentPostprocessing = 0;
		};
/* End PBXFrameworksBuildPhase section */

/* Begin PBXGroup section */
		0A444DD10BD77C2516C110B8 /* Frameworks */ = {
			isa = PBXGroup;
			children = (
				15D9057233A5C711D0B7188D /* Pods_Velance.framework */,
			);
			name = Frameworks;
			sourceTree = "<group>";
		};
		2272132A743E8DB8C409FDFC /* Pods */ = {
			isa = PBXGroup;
			children = (
				AE20086C63AF53ABBB3FE514 /* Pods-Velance.debug.xcconfig */,
				51542761A4DBABA0458111E7 /* Pods-Velance.release.xcconfig */,
			);
			path = Pods;
			sourceTree = "<group>";
		};
		7CC36A1A26EC5ED8007573DD = {
			isa = PBXGroup;
			children = (
				7CC36A2526EC5ED8007573DD /* Velance */,
				7CC36A2426EC5ED8007573DD /* Products */,
				2272132A743E8DB8C409FDFC /* Pods */,
				0A444DD10BD77C2516C110B8 /* Frameworks */,
			);
			sourceTree = "<group>";
		};
		7CC36A2426EC5ED8007573DD /* Products */ = {
			isa = PBXGroup;
			children = (
				7CC36A2326EC5ED8007573DD /* Velance.app */,
			);
			name = Products;
			sourceTree = "<group>";
		};
		7CC36A2526EC5ED8007573DD /* Velance */ = {
			isa = PBXGroup;
			children = (
				7CC36A5926EC8A23007573DD /* Main */,
				7CC36A3D26EC6378007573DD /* UserRegister */,
				7CC36A3E26EC637D007573DD /* Home */,
				7CC36A3F26EC63B8007573DD /* Shopping */,
				7CC36A3C26EC6366007573DD /* Views */,
				7CC36A3B26EC6360007573DD /* Network Group */,
				7CC36A3A26EC6358007573DD /* Model */,
				7CC36A5026EC70AD007573DD /* Extensions */,
				7CC36A4C26EC65D7007573DD /* Constants.swift */,
				7CC36A2826EC5ED8007573DD /* SceneDelegate.swift */,
				7CC36A4826EC647E007573DD /* AppDelegate.swift */,
				7CC36A2F26EC5EDB007573DD /* Assets.xcassets */,
				7CC36A3126EC5EDB007573DD /* LaunchScreen.storyboard */,
				7CC36A3426EC5EDB007573DD /* Info.plist */,
			);
			path = Velance;
			sourceTree = "<group>";
		};
		7CC36A3A26EC6358007573DD /* Model */ = {
			isa = PBXGroup;
			children = (
				7CC36A8C26EE3DCD007573DD /* UserRegisterValues.swift */,
			);
			path = Model;
			sourceTree = "<group>";
		};
		7CC36A3B26EC6360007573DD /* Network Group */ = {
			isa = PBXGroup;
			children = (
				7CC36A4A26EC648D007573DD /* UserManager.swift */,
			);
			path = "Network Group";
			sourceTree = "<group>";
		};
		7CC36A3C26EC6366007573DD /* Views */ = {
			isa = PBXGroup;
			children = (
				7CC36A8E26EE3F1E007573DD /* Custom Alerts */,
				7CC36A4426EC6427007573DD /* UIViews */,
				7CC36A4326EC641E007573DD /* UITableView Cells */,
				7CC36A4226EC6416007573DD /* UICollectionView Cells */,
			);
			path = Views;
			sourceTree = "<group>";
		};
		7CC36A3D26EC6378007573DD /* UserRegister */ = {
			isa = PBXGroup;
			children = (
				7CC36A4026EC63D8007573DD /* UserRegister.storyboard */,
				7CC36A5A26EC8A6C007573DD /* ChooseTypeViewController.swift */,
				7CC36A5C26EC8A8A007573DD /* ChooseDetailViewController.swift */,
				7CC36A5E26EC8A90007573DD /* ChooseReasonViewController.swift */,
				7CC36A6026EC8A9E007573DD /* AnalyzingViewController.swift */,
			);
			path = UserRegister;
			sourceTree = "<group>";
		};
		7CC36A3E26EC637D007573DD /* Home */ = {
			isa = PBXGroup;
			children = (
				7CC36A5326EC7194007573DD /* Home.storyboard */,
				7CC36A5526EC7272007573DD /* HomeViewController.swift */,
			);
			path = Home;
			sourceTree = "<group>";
		};
		7CC36A3F26EC63B8007573DD /* Shopping */ = {
			isa = PBXGroup;
			children = (
				7CC36A4526EC6437007573DD /* Shopping.storyboard */,
				7CC36A4E26EC6E40007573DD /* ShoppingViewController.swift */,
			);
			path = Shopping;
			sourceTree = "<group>";
		};
		7CC36A4226EC6416007573DD /* UICollectionView Cells */ = {
			isa = PBXGroup;
			children = (
				7C8EC8C426EF069900893CCD /* ShoppingItemCollectionViewCell.swift */,
				7C8EC8C526EF069900893CCD /* ShoppingItemCollectionViewCell.xib */,
			);
			path = "UICollectionView Cells";
			sourceTree = "<group>";
		};
		7CC36A4326EC641E007573DD /* UITableView Cells */ = {
			isa = PBXGroup;
			children = (
			);
			path = "UITableView Cells";
			sourceTree = "<group>";
		};
		7CC36A4426EC6427007573DD /* UIViews */ = {
			isa = PBXGroup;
			children = (
			);
			path = UIViews;
			sourceTree = "<group>";
		};
		7CC36A5026EC70AD007573DD /* Extensions */ = {
			isa = PBXGroup;
			children = (
				7CC36A5126EC70C1007573DD /* UIViewController+Extension.swift */,
				7CC36A5726EC8561007573DD /* UIButton+Extension.swift */,
			);
			path = Extensions;
			sourceTree = "<group>";
		};
		7CC36A5926EC8A23007573DD /* Main */ = {
			isa = PBXGroup;
			children = (
				7CC36A2C26EC5ED8007573DD /* Main.storyboard */,
				7CC36A2A26EC5ED8007573DD /* MainViewController.swift */,
			);
			path = Main;
			sourceTree = "<group>";
		};
		7CC36A8E26EE3F1E007573DD /* Custom Alerts */ = {
			isa = PBXGroup;
			children = (
				7CC36A9026EE3F2C007573DD /* AlertViewController.swift */,
				7CC36A9126EE3F2D007573DD /* VLBodyLabel.swift */,
				7CC36A9226EE3F2D007573DD /* VLButton.swift */,
				7CC36A8F26EE3F2C007573DD /* VLTitleLabel.swift */,
			);
			path = "Custom Alerts";
			sourceTree = "<group>";
		};
/* End PBXGroup section */

/* Begin PBXNativeTarget section */
		7CC36A2226EC5ED8007573DD /* Velance */ = {
			isa = PBXNativeTarget;
			buildConfigurationList = 7CC36A3726EC5EDB007573DD /* Build configuration list for PBXNativeTarget "Velance" */;
			buildPhases = (
				31D500B5455239A6736C599F /* [CP] Check Pods Manifest.lock */,
				7CC36A1F26EC5ED8007573DD /* Sources */,
				7CC36A2026EC5ED8007573DD /* Frameworks */,
				7CC36A2126EC5ED8007573DD /* Resources */,
				80D7045DD80EDE7578D7FF64 /* [CP] Embed Pods Frameworks */,
			);
			buildRules = (
			);
			dependencies = (
			);
			name = Velance;
			productName = Velance;
			productReference = 7CC36A2326EC5ED8007573DD /* Velance.app */;
			productType = "com.apple.product-type.application";
		};
/* End PBXNativeTarget section */

/* Begin PBXProject section */
		7CC36A1B26EC5ED8007573DD /* Project object */ = {
			isa = PBXProject;
			attributes = {
				LastSwiftUpdateCheck = 1250;
				LastUpgradeCheck = 1250;
				TargetAttributes = {
					7CC36A2226EC5ED8007573DD = {
						CreatedOnToolsVersion = 12.5;
					};
				};
			};
			buildConfigurationList = 7CC36A1E26EC5ED8007573DD /* Build configuration list for PBXProject "Velance" */;
			compatibilityVersion = "Xcode 9.3";
			developmentRegion = en;
			hasScannedForEncodings = 0;
			knownRegions = (
				en,
				Base,
			);
			mainGroup = 7CC36A1A26EC5ED8007573DD;
			productRefGroup = 7CC36A2426EC5ED8007573DD /* Products */;
			projectDirPath = "";
			projectRoot = "";
			targets = (
				7CC36A2226EC5ED8007573DD /* Velance */,
			);
		};
/* End PBXProject section */

/* Begin PBXResourcesBuildPhase section */
		7CC36A2126EC5ED8007573DD /* Resources */ = {
			isa = PBXResourcesBuildPhase;
			buildActionMask = 2147483647;
			files = (
				7CC36A3326EC5EDB007573DD /* LaunchScreen.storyboard in Resources */,
				7C8EC8C726EF069900893CCD /* ShoppingItemCollectionViewCell.xib in Resources */,
				7CC36A3026EC5EDB007573DD /* Assets.xcassets in Resources */,
				7CC36A4126EC63D8007573DD /* UserRegister.storyboard in Resources */,
				7CC36A5426EC7194007573DD /* Home.storyboard in Resources */,
				7CC36A4626EC6437007573DD /* Shopping.storyboard in Resources */,
				7CC36A2E26EC5ED8007573DD /* Main.storyboard in Resources */,
			);
			runOnlyForDeploymentPostprocessing = 0;
		};
/* End PBXResourcesBuildPhase section */

/* Begin PBXShellScriptBuildPhase section */
		31D500B5455239A6736C599F /* [CP] Check Pods Manifest.lock */ = {
			isa = PBXShellScriptBuildPhase;
			buildActionMask = 2147483647;
			files = (
			);
			inputFileListPaths = (
			);
			inputPaths = (
				"${PODS_PODFILE_DIR_PATH}/Podfile.lock",
				"${PODS_ROOT}/Manifest.lock",
			);
			name = "[CP] Check Pods Manifest.lock";
			outputFileListPaths = (
			);
			outputPaths = (
				"$(DERIVED_FILE_DIR)/Pods-Velance-checkManifestLockResult.txt",
			);
			runOnlyForDeploymentPostprocessing = 0;
			shellPath = /bin/sh;
			shellScript = "diff \"${PODS_PODFILE_DIR_PATH}/Podfile.lock\" \"${PODS_ROOT}/Manifest.lock\" > /dev/null\nif [ $? != 0 ] ; then\n    # print error to STDERR\n    echo \"error: The sandbox is not in sync with the Podfile.lock. Run 'pod install' or update your CocoaPods installation.\" >&2\n    exit 1\nfi\n# This output is used by Xcode 'outputs' to avoid re-running this script phase.\necho \"SUCCESS\" > \"${SCRIPT_OUTPUT_FILE_0}\"\n";
			showEnvVarsInLog = 0;
		};
		80D7045DD80EDE7578D7FF64 /* [CP] Embed Pods Frameworks */ = {
			isa = PBXShellScriptBuildPhase;
			buildActionMask = 2147483647;
			files = (
			);
			inputFileListPaths = (
				"${PODS_ROOT}/Target Support Files/Pods-Velance/Pods-Velance-frameworks-${CONFIGURATION}-input-files.xcfilelist",
			);
			name = "[CP] Embed Pods Frameworks";
			outputFileListPaths = (
				"${PODS_ROOT}/Target Support Files/Pods-Velance/Pods-Velance-frameworks-${CONFIGURATION}-output-files.xcfilelist",
			);
			runOnlyForDeploymentPostprocessing = 0;
			shellPath = /bin/sh;
			shellScript = "\"${PODS_ROOT}/Target Support Files/Pods-Velance/Pods-Velance-frameworks.sh\"\n";
			showEnvVarsInLog = 0;
		};
/* End PBXShellScriptBuildPhase section */

/* Begin PBXSourcesBuildPhase section */
		7CC36A1F26EC5ED8007573DD /* Sources */ = {
			isa = PBXSourcesBuildPhase;
			buildActionMask = 2147483647;
			files = (
				7CC36A9526EE3F2D007573DD /* VLBodyLabel.swift in Sources */,
				7CC36A4D26EC65D7007573DD /* Constants.swift in Sources */,
				7CC36A5B26EC8A6C007573DD /* ChooseTypeViewController.swift in Sources */,
				7CC36A4926EC647E007573DD /* AppDelegate.swift in Sources */,
				7CC36A2B26EC5ED8007573DD /* MainViewController.swift in Sources */,
				7CC36A9326EE3F2D007573DD /* VLTitleLabel.swift in Sources */,
				7CC36A5626EC7272007573DD /* HomeViewController.swift in Sources */,
				7CC36A4B26EC648D007573DD /* UserManager.swift in Sources */,
				7CC36A5826EC8561007573DD /* UIButton+Extension.swift in Sources */,
				7CC36A8D26EE3DCD007573DD /* UserRegisterValues.swift in Sources */,
				7C8EC8C626EF069900893CCD /* ShoppingItemCollectionViewCell.swift in Sources */,
				7CC36A5226EC70C1007573DD /* UIViewController+Extension.swift in Sources */,
				7CC36A9626EE3F2D007573DD /* VLButton.swift in Sources */,
				7CC36A4F26EC6E40007573DD /* ShoppingViewController.swift in Sources */,
				7CC36A9426EE3F2D007573DD /* AlertViewController.swift in Sources */,
				7CC36A2926EC5ED8007573DD /* SceneDelegate.swift in Sources */,
				7CC36A6126EC8A9E007573DD /* AnalyzingViewController.swift in Sources */,
				7CC36A5F26EC8A90007573DD /* ChooseReasonViewController.swift in Sources */,
				7CC36A5D26EC8A8A007573DD /* ChooseDetailViewController.swift in Sources */,
			);
			runOnlyForDeploymentPostprocessing = 0;
		};
/* End PBXSourcesBuildPhase section */

/* Begin PBXVariantGroup section */
		7CC36A2C26EC5ED8007573DD /* Main.storyboard */ = {
			isa = PBXVariantGroup;
			children = (
				7CC36A2D26EC5ED8007573DD /* Base */,
			);
			name = Main.storyboard;
			sourceTree = "<group>";
		};
		7CC36A3126EC5EDB007573DD /* LaunchScreen.storyboard */ = {
			isa = PBXVariantGroup;
			children = (
				7CC36A3226EC5EDB007573DD /* Base */,
			);
			name = LaunchScreen.storyboard;
			sourceTree = "<group>";
		};
/* End PBXVariantGroup section */

/* Begin XCBuildConfiguration section */
		7CC36A3526EC5EDB007573DD /* Debug */ = {
			isa = XCBuildConfiguration;
			buildSettings = {
				ALWAYS_SEARCH_USER_PATHS = NO;
				CLANG_ANALYZER_NONNULL = YES;
				CLANG_ANALYZER_NUMBER_OBJECT_CONVERSION = YES_AGGRESSIVE;
				CLANG_CXX_LANGUAGE_STANDARD = "gnu++14";
				CLANG_CXX_LIBRARY = "libc++";
				CLANG_ENABLE_MODULES = YES;
				CLANG_ENABLE_OBJC_ARC = YES;
				CLANG_ENABLE_OBJC_WEAK = YES;
				CLANG_WARN_BLOCK_CAPTURE_AUTORELEASING = YES;
				CLANG_WARN_BOOL_CONVERSION = YES;
				CLANG_WARN_COMMA = YES;
				CLANG_WARN_CONSTANT_CONVERSION = YES;
				CLANG_WARN_DEPRECATED_OBJC_IMPLEMENTATIONS = YES;
				CLANG_WARN_DIRECT_OBJC_ISA_USAGE = YES_ERROR;
				CLANG_WARN_DOCUMENTATION_COMMENTS = YES;
				CLANG_WARN_EMPTY_BODY = YES;
				CLANG_WARN_ENUM_CONVERSION = YES;
				CLANG_WARN_INFINITE_RECURSION = YES;
				CLANG_WARN_INT_CONVERSION = YES;
				CLANG_WARN_NON_LITERAL_NULL_CONVERSION = YES;
				CLANG_WARN_OBJC_IMPLICIT_RETAIN_SELF = YES;
				CLANG_WARN_OBJC_LITERAL_CONVERSION = YES;
				CLANG_WARN_OBJC_ROOT_CLASS = YES_ERROR;
				CLANG_WARN_QUOTED_INCLUDE_IN_FRAMEWORK_HEADER = YES;
				CLANG_WARN_RANGE_LOOP_ANALYSIS = YES;
				CLANG_WARN_STRICT_PROTOTYPES = YES;
				CLANG_WARN_SUSPICIOUS_MOVE = YES;
				CLANG_WARN_UNGUARDED_AVAILABILITY = YES_AGGRESSIVE;
				CLANG_WARN_UNREACHABLE_CODE = YES;
				CLANG_WARN__DUPLICATE_METHOD_MATCH = YES;
				COPY_PHASE_STRIP = NO;
				DEBUG_INFORMATION_FORMAT = dwarf;
				ENABLE_STRICT_OBJC_MSGSEND = YES;
				ENABLE_TESTABILITY = YES;
				GCC_C_LANGUAGE_STANDARD = gnu11;
				GCC_DYNAMIC_NO_PIC = NO;
				GCC_NO_COMMON_BLOCKS = YES;
				GCC_OPTIMIZATION_LEVEL = 0;
				GCC_PREPROCESSOR_DEFINITIONS = (
					"DEBUG=1",
					"$(inherited)",
				);
				GCC_WARN_64_TO_32_BIT_CONVERSION = YES;
				GCC_WARN_ABOUT_RETURN_TYPE = YES_ERROR;
				GCC_WARN_UNDECLARED_SELECTOR = YES;
				GCC_WARN_UNINITIALIZED_AUTOS = YES_AGGRESSIVE;
				GCC_WARN_UNUSED_FUNCTION = YES;
				GCC_WARN_UNUSED_VARIABLE = YES;
				IPHONEOS_DEPLOYMENT_TARGET = 14.5;
				MTL_ENABLE_DEBUG_INFO = INCLUDE_SOURCE;
				MTL_FAST_MATH = YES;
				ONLY_ACTIVE_ARCH = YES;
				SDKROOT = iphoneos;
				SWIFT_ACTIVE_COMPILATION_CONDITIONS = DEBUG;
				SWIFT_OPTIMIZATION_LEVEL = "-Onone";
			};
			name = Debug;
		};
		7CC36A3626EC5EDB007573DD /* Release */ = {
			isa = XCBuildConfiguration;
			buildSettings = {
				ALWAYS_SEARCH_USER_PATHS = NO;
				CLANG_ANALYZER_NONNULL = YES;
				CLANG_ANALYZER_NUMBER_OBJECT_CONVERSION = YES_AGGRESSIVE;
				CLANG_CXX_LANGUAGE_STANDARD = "gnu++14";
				CLANG_CXX_LIBRARY = "libc++";
				CLANG_ENABLE_MODULES = YES;
				CLANG_ENABLE_OBJC_ARC = YES;
				CLANG_ENABLE_OBJC_WEAK = YES;
				CLANG_WARN_BLOCK_CAPTURE_AUTORELEASING = YES;
				CLANG_WARN_BOOL_CONVERSION = YES;
				CLANG_WARN_COMMA = YES;
				CLANG_WARN_CONSTANT_CONVERSION = YES;
				CLANG_WARN_DEPRECATED_OBJC_IMPLEMENTATIONS = YES;
				CLANG_WARN_DIRECT_OBJC_ISA_USAGE = YES_ERROR;
				CLANG_WARN_DOCUMENTATION_COMMENTS = YES;
				CLANG_WARN_EMPTY_BODY = YES;
				CLANG_WARN_ENUM_CONVERSION = YES;
				CLANG_WARN_INFINITE_RECURSION = YES;
				CLANG_WARN_INT_CONVERSION = YES;
				CLANG_WARN_NON_LITERAL_NULL_CONVERSION = YES;
				CLANG_WARN_OBJC_IMPLICIT_RETAIN_SELF = YES;
				CLANG_WARN_OBJC_LITERAL_CONVERSION = YES;
				CLANG_WARN_OBJC_ROOT_CLASS = YES_ERROR;
				CLANG_WARN_QUOTED_INCLUDE_IN_FRAMEWORK_HEADER = YES;
				CLANG_WARN_RANGE_LOOP_ANALYSIS = YES;
				CLANG_WARN_STRICT_PROTOTYPES = YES;
				CLANG_WARN_SUSPICIOUS_MOVE = YES;
				CLANG_WARN_UNGUARDED_AVAILABILITY = YES_AGGRESSIVE;
				CLANG_WARN_UNREACHABLE_CODE = YES;
				CLANG_WARN__DUPLICATE_METHOD_MATCH = YES;
				COPY_PHASE_STRIP = NO;
				DEBUG_INFORMATION_FORMAT = "dwarf-with-dsym";
				ENABLE_NS_ASSERTIONS = NO;
				ENABLE_STRICT_OBJC_MSGSEND = YES;
				GCC_C_LANGUAGE_STANDARD = gnu11;
				GCC_NO_COMMON_BLOCKS = YES;
				GCC_WARN_64_TO_32_BIT_CONVERSION = YES;
				GCC_WARN_ABOUT_RETURN_TYPE = YES_ERROR;
				GCC_WARN_UNDECLARED_SELECTOR = YES;
				GCC_WARN_UNINITIALIZED_AUTOS = YES_AGGRESSIVE;
				GCC_WARN_UNUSED_FUNCTION = YES;
				GCC_WARN_UNUSED_VARIABLE = YES;
				IPHONEOS_DEPLOYMENT_TARGET = 14.5;
				MTL_ENABLE_DEBUG_INFO = NO;
				MTL_FAST_MATH = YES;
				SDKROOT = iphoneos;
				SWIFT_COMPILATION_MODE = wholemodule;
				SWIFT_OPTIMIZATION_LEVEL = "-O";
				VALIDATE_PRODUCT = YES;
			};
			name = Release;
		};
		7CC36A3826EC5EDB007573DD /* Debug */ = {
			isa = XCBuildConfiguration;
			baseConfigurationReference = AE20086C63AF53ABBB3FE514 /* Pods-Velance.debug.xcconfig */;
			buildSettings = {
				ASSETCATALOG_COMPILER_APPICON_NAME = AppIcon;
				ASSETCATALOG_COMPILER_GLOBAL_ACCENT_COLOR_NAME = AccentColor;
				CODE_SIGN_STYLE = Automatic;
				DEVELOPMENT_TEAM = SBX5GK4LT4;
				INFOPLIST_FILE = Velance/Info.plist;
				LD_RUNPATH_SEARCH_PATHS = (
					"$(inherited)",
					"@executable_path/Frameworks",
				);
				PRODUCT_BUNDLE_IDENTIFIER = co.knu.hackathon.Velance;
				PRODUCT_NAME = "$(TARGET_NAME)";
				SWIFT_VERSION = 5.0;
				TARGETED_DEVICE_FAMILY = "1,2";
			};
			name = Debug;
		};
		7CC36A3926EC5EDB007573DD /* Release */ = {
			isa = XCBuildConfiguration;
			baseConfigurationReference = 51542761A4DBABA0458111E7 /* Pods-Velance.release.xcconfig */;
			buildSettings = {
				ASSETCATALOG_COMPILER_APPICON_NAME = AppIcon;
				ASSETCATALOG_COMPILER_GLOBAL_ACCENT_COLOR_NAME = AccentColor;
				CODE_SIGN_STYLE = Automatic;
				DEVELOPMENT_TEAM = SBX5GK4LT4;
				INFOPLIST_FILE = Velance/Info.plist;
				LD_RUNPATH_SEARCH_PATHS = (
					"$(inherited)",
					"@executable_path/Frameworks",
				);
				PRODUCT_BUNDLE_IDENTIFIER = co.knu.hackathon.Velance;
				PRODUCT_NAME = "$(TARGET_NAME)";
				SWIFT_VERSION = 5.0;
				TARGETED_DEVICE_FAMILY = "1,2";
			};
			name = Release;
		};
/* End XCBuildConfiguration section */

/* Begin XCConfigurationList section */
		7CC36A1E26EC5ED8007573DD /* Build configuration list for PBXProject "Velance" */ = {
			isa = XCConfigurationList;
			buildConfigurations = (
				7CC36A3526EC5EDB007573DD /* Debug */,
				7CC36A3626EC5EDB007573DD /* Release */,
			);
			defaultConfigurationIsVisible = 0;
			defaultConfigurationName = Release;
		};
		7CC36A3726EC5EDB007573DD /* Build configuration list for PBXNativeTarget "Velance" */ = {
			isa = XCConfigurationList;
			buildConfigurations = (
				7CC36A3826EC5EDB007573DD /* Debug */,
				7CC36A3926EC5EDB007573DD /* Release */,
			);
			defaultConfigurationIsVisible = 0;
			defaultConfigurationName = Release;
		};
/* End XCConfigurationList section */
	};
	rootObject = 7CC36A1B26EC5ED8007573DD /* Project object */;
}
