// !$*UTF8*$!
{
	archiveVersion = 1;
	classes = {
	};
	objectVersion = 51;
	objects = {

/* Begin PBXBuildFile section */
		3C51257B271455F4003E572D /* Community.storyboard in Resources */ = {isa = PBXBuildFile; fileRef = 3C51257A271455F4003E572D /* Community.storyboard */; };
		3C51257D2714560C003E572D /* CommunityViewController.swift in Sources */ = {isa = PBXBuildFile; fileRef = 3C51257C2714560C003E572D /* CommunityViewController.swift */; };
		3C6B700826F31CDC001FD7BB /* PersonalNutrientView.xib in Resources */ = {isa = PBXBuildFile; fileRef = 3C6B700726F31CDC001FD7BB /* PersonalNutrientView.xib */; };
		3C6B700A26F31CF9001FD7BB /* PersonalNutrientView.swift in Sources */ = {isa = PBXBuildFile; fileRef = 3C6B700926F31CF9001FD7BB /* PersonalNutrientView.swift */; };
		3C6B700D26F32550001FD7BB /* MealView.xib in Resources */ = {isa = PBXBuildFile; fileRef = 3C6B700C26F32550001FD7BB /* MealView.xib */; };
		3C6B700F26F32566001FD7BB /* MealView.swift in Sources */ = {isa = PBXBuildFile; fileRef = 3C6B700E26F32566001FD7BB /* MealView.swift */; };
		3CAE4FE926EF200F00865767 /* SecondViewController.swift in Sources */ = {isa = PBXBuildFile; fileRef = 3CAE4FE826EF200F00865767 /* SecondViewController.swift */; };
		3CD5012626F22E9B009B450F /* BasicNutrientView.xib in Resources */ = {isa = PBXBuildFile; fileRef = 3CD5012526F22E9B009B450F /* BasicNutrientView.xib */; };
		3CD5012826F22FA8009B450F /* BasicNutrientView.swift in Sources */ = {isa = PBXBuildFile; fileRef = 3CD5012726F22FA8009B450F /* BasicNutrientView.swift */; };
		4FBA72620C2F17F7A0AB5C9C /* Pods_Velance.framework in Frameworks */ = {isa = PBXBuildFile; fileRef = 15D9057233A5C711D0B7188D /* Pods_Velance.framework */; };
		6C49951F271FBC3400E8DB4B /* ProgressHUD.swift in Sources */ = {isa = PBXBuildFile; fileRef = 6C49951E271FBC3400E8DB4B /* ProgressHUD.swift */; };
		7C03678D2716C1FF0031DBBE /* ProductCollectionReusableView.swift in Sources */ = {isa = PBXBuildFile; fileRef = 7C03678B2716C1FF0031DBBE /* ProductCollectionReusableView.swift */; };
		7C0367922716C7CC0031DBBE /* PopularProductCVC.xib in Resources */ = {isa = PBXBuildFile; fileRef = 7C0367912716C7CC0031DBBE /* PopularProductCVC.xib */; };
		7C37DE7A27195F0800B4FBFB /* UploadNewProductViewController.swift in Sources */ = {isa = PBXBuildFile; fileRef = 7C37DE7927195F0800B4FBFB /* UploadNewProductViewController.swift */; };
		7C37DE7E271AB1C500B4FBFB /* ProductReviewViewController.swift in Sources */ = {isa = PBXBuildFile; fileRef = 7C37DE7D271AB1C500B4FBFB /* ProductReviewViewController.swift */; };
		7C37DE81271ABE0A00B4FBFB /* ProductReviewTableViewCell.swift in Sources */ = {isa = PBXBuildFile; fileRef = 7C37DE7F271ABE0900B4FBFB /* ProductReviewTableViewCell.swift */; };
		7C37DE82271ABE0A00B4FBFB /* ProductReviewTableViewCell.xib in Resources */ = {isa = PBXBuildFile; fileRef = 7C37DE80271ABE0900B4FBFB /* ProductReviewTableViewCell.xib */; };
		7C61456327141FFB00D659C5 /* ProductReview.storyboard in Resources */ = {isa = PBXBuildFile; fileRef = 7C61456227141FFB00D659C5 /* ProductReview.storyboard */; };
		7C6145652714207500D659C5 /* ProductReviewListContainerViewController.swift in Sources */ = {isa = PBXBuildFile; fileRef = 7C6145642714207500D659C5 /* ProductReviewListContainerViewController.swift */; };
		7C61456B2715428F00D659C5 /* ProductForSimilarTasteCVC.swift in Sources */ = {isa = PBXBuildFile; fileRef = 7C6145692715428F00D659C5 /* ProductForSimilarTasteCVC.swift */; };
		7C61456C2715428F00D659C5 /* ProductForSimilarTasteCVC.xib in Resources */ = {isa = PBXBuildFile; fileRef = 7C61456A2715428F00D659C5 /* ProductForSimilarTasteCVC.xib */; };
		7C6145702715675200D659C5 /* PopularProductCVC.swift in Sources */ = {isa = PBXBuildFile; fileRef = 7C61456E2715675200D659C5 /* PopularProductCVC.swift */; };
		7C61457427156AE900D659C5 /* RatingStackView.swift in Sources */ = {isa = PBXBuildFile; fileRef = 7C61457327156AE900D659C5 /* RatingStackView.swift */; };
		7C72A57027211CAE0010A812 /* ProductReviewHeaderView.swift in Sources */ = {isa = PBXBuildFile; fileRef = 7C72A56F27211CAE0010A812 /* ProductReviewHeaderView.swift */; };
		7C8189D226F2F828006AE474 /* RecipeDetailViewController.swift in Sources */ = {isa = PBXBuildFile; fileRef = 7C8189D126F2F828006AE474 /* RecipeDetailViewController.swift */; };
		7C8E156A26F1B7BA0042A235 /* RecipeCollectionViewCell.swift in Sources */ = {isa = PBXBuildFile; fileRef = 7C8E156826F1B7BA0042A235 /* RecipeCollectionViewCell.swift */; };
		7C8E156B26F1B7BA0042A235 /* RecipeCollectionViewCell.xib in Resources */ = {isa = PBXBuildFile; fileRef = 7C8E156926F1B7BA0042A235 /* RecipeCollectionViewCell.xib */; };
		7C8EC8C626EF069900893CCD /* ShoppingItemCollectionViewCell.swift in Sources */ = {isa = PBXBuildFile; fileRef = 7C8EC8C426EF069900893CCD /* ShoppingItemCollectionViewCell.swift */; };
		7C8EC8C726EF069900893CCD /* ShoppingItemCollectionViewCell.xib in Resources */ = {isa = PBXBuildFile; fileRef = 7C8EC8C526EF069900893CCD /* ShoppingItemCollectionViewCell.xib */; };
		7C8EC8C926EF218500893CCD /* SimilarTasteProductTableViewCell.swift in Sources */ = {isa = PBXBuildFile; fileRef = 7C8EC8C826EF218500893CCD /* SimilarTasteProductTableViewCell.swift */; };
		7C8EC8D326F0819800893CCD /* VLBottomView.swift in Sources */ = {isa = PBXBuildFile; fileRef = 7C8EC8D226F0819700893CCD /* VLBottomView.swift */; };
		7C8EC8D526F081AB00893CCD /* VLBottomView.xib in Resources */ = {isa = PBXBuildFile; fileRef = 7C8EC8D426F081AB00893CCD /* VLBottomView.xib */; };
		7C8ED24E270EA0F400693521 /* IdPasswordInputViewController.swift in Sources */ = {isa = PBXBuildFile; fileRef = 7C8ED24D270EA0F400693521 /* IdPasswordInputViewController.swift */; };
		7C8ED250270EA8ED00693521 /* InputUserInfoForRegister.swift in Sources */ = {isa = PBXBuildFile; fileRef = 7C8ED24F270EA8ED00693521 /* InputUserInfoForRegister.swift */; };
		7C8ED254270EA9A100693521 /* Storyboarded.swift in Sources */ = {isa = PBXBuildFile; fileRef = 7C8ED253270EA9A100693521 /* Storyboarded.swift */; };
		7C91FC0627118D09000D237C /* Login.storyboard in Resources */ = {isa = PBXBuildFile; fileRef = 7C91FC0527118D09000D237C /* Login.storyboard */; };
		7C91FC0827118D21000D237C /* LoginViewController.swift in Sources */ = {isa = PBXBuildFile; fileRef = 7C91FC0727118D21000D237C /* LoginViewController.swift */; };
		7C922A4D2717F19300295A3F /* VLFloatingButton.swift in Sources */ = {isa = PBXBuildFile; fileRef = 7C922A4C2717F19300295A3F /* VLFloatingButton.swift */; };
		7C922A4F2717FA7D00295A3F /* SearchProductViewController.swift in Sources */ = {isa = PBXBuildFile; fileRef = 7C922A4E2717FA7D00295A3F /* SearchProductViewController.swift */; };
		7C922A522718052E00295A3F /* ChooseInterest.storyboard in Resources */ = {isa = PBXBuildFile; fileRef = 7C922A512718052E00295A3F /* ChooseInterest.storyboard */; };
		7C922A542718054B00295A3F /* ChooseInterestViewController.swift in Sources */ = {isa = PBXBuildFile; fileRef = 7C922A532718054B00295A3F /* ChooseInterestViewController.swift */; };
		7C97195D27100635003E193D /* VLGradientButton.swift in Sources */ = {isa = PBXBuildFile; fileRef = 7C97195C27100635003E193D /* VLGradientButton.swift */; };
		7CAEEB132710335D0049F257 /* UserOptions.swift in Sources */ = {isa = PBXBuildFile; fileRef = 7CAEEB122710335D0049F257 /* UserOptions.swift */; };
		7CC36A2926EC5ED8007573DD /* SceneDelegate.swift in Sources */ = {isa = PBXBuildFile; fileRef = 7CC36A2826EC5ED8007573DD /* SceneDelegate.swift */; };
		7CC36A2B26EC5ED8007573DD /* MainViewController.swift in Sources */ = {isa = PBXBuildFile; fileRef = 7CC36A2A26EC5ED8007573DD /* MainViewController.swift */; };
		7CC36A2E26EC5ED8007573DD /* Main.storyboard in Resources */ = {isa = PBXBuildFile; fileRef = 7CC36A2C26EC5ED8007573DD /* Main.storyboard */; };
		7CC36A3026EC5EDB007573DD /* Assets.xcassets in Resources */ = {isa = PBXBuildFile; fileRef = 7CC36A2F26EC5EDB007573DD /* Assets.xcassets */; };
		7CC36A3326EC5EDB007573DD /* LaunchScreen.storyboard in Resources */ = {isa = PBXBuildFile; fileRef = 7CC36A3126EC5EDB007573DD /* LaunchScreen.storyboard */; };
		7CC36A4126EC63D8007573DD /* UserRegister.storyboard in Resources */ = {isa = PBXBuildFile; fileRef = 7CC36A4026EC63D8007573DD /* UserRegister.storyboard */; };
		7CC36A4626EC6437007573DD /* Shopping.storyboard in Resources */ = {isa = PBXBuildFile; fileRef = 7CC36A4526EC6437007573DD /* Shopping.storyboard */; };
		7CC36A4926EC647E007573DD /* AppDelegate.swift in Sources */ = {isa = PBXBuildFile; fileRef = 7CC36A4826EC647E007573DD /* AppDelegate.swift */; };
		7CC36A4B26EC648D007573DD /* UserManager.swift in Sources */ = {isa = PBXBuildFile; fileRef = 7CC36A4A26EC648D007573DD /* UserManager.swift */; };
		7CC36A4D26EC65D7007573DD /* Constants.swift in Sources */ = {isa = PBXBuildFile; fileRef = 7CC36A4C26EC65D7007573DD /* Constants.swift */; };
		7CC36A4F26EC6E40007573DD /* ShoppingViewController.swift in Sources */ = {isa = PBXBuildFile; fileRef = 7CC36A4E26EC6E40007573DD /* ShoppingViewController.swift */; };
		7CC36A5226EC70C1007573DD /* UIViewController+Extension.swift in Sources */ = {isa = PBXBuildFile; fileRef = 7CC36A5126EC70C1007573DD /* UIViewController+Extension.swift */; };
		7CC36A5426EC7194007573DD /* Record.storyboard in Resources */ = {isa = PBXBuildFile; fileRef = 7CC36A5326EC7194007573DD /* Record.storyboard */; };
		7CC36A5626EC7272007573DD /* RecordViewController.swift in Sources */ = {isa = PBXBuildFile; fileRef = 7CC36A5526EC7272007573DD /* RecordViewController.swift */; };
		7CC36A5826EC8561007573DD /* UIButton+Extension.swift in Sources */ = {isa = PBXBuildFile; fileRef = 7CC36A5726EC8561007573DD /* UIButton+Extension.swift */; };
		7CC36A8D26EE3DCD007573DD /* UserRegisterValues.swift in Sources */ = {isa = PBXBuildFile; fileRef = 7CC36A8C26EE3DCD007573DD /* UserRegisterValues.swift */; };
		7CC36A9326EE3F2D007573DD /* VLTitleLabel.swift in Sources */ = {isa = PBXBuildFile; fileRef = 7CC36A8F26EE3F2C007573DD /* VLTitleLabel.swift */; };
		7CC36A9426EE3F2D007573DD /* AlertViewController.swift in Sources */ = {isa = PBXBuildFile; fileRef = 7CC36A9026EE3F2C007573DD /* AlertViewController.swift */; };
		7CC36A9526EE3F2D007573DD /* VLBodyLabel.swift in Sources */ = {isa = PBXBuildFile; fileRef = 7CC36A9126EE3F2D007573DD /* VLBodyLabel.swift */; };
		7CC36A9626EE3F2D007573DD /* VLButton.swift in Sources */ = {isa = PBXBuildFile; fileRef = 7CC36A9226EE3F2D007573DD /* VLButton.swift */; };
		7CEED0EA272243F5005CACF5 /* VLStarButton.swift in Sources */ = {isa = PBXBuildFile; fileRef = 7CEED0E9272243F5005CACF5 /* VLStarButton.swift */; };
		7CEED0EC27225FDB005CACF5 /* UIHelper.swift in Sources */ = {isa = PBXBuildFile; fileRef = 7CEED0EB27225FDB005CACF5 /* UIHelper.swift */; };
		7CF529722710513600499709 /* String+Extension.swift in Sources */ = {isa = PBXBuildFile; fileRef = 7CF529712710513600499709 /* String+Extension.swift */; };
		7CF52974271055E200499709 /* NSMutableAttributedString+Extension.swift in Sources */ = {isa = PBXBuildFile; fileRef = 7CF52973271055E200499709 /* NSMutableAttributedString+Extension.swift */; };
		7CFC945F26F2D027008042C5 /* ShoppingViewModel.swift in Sources */ = {isa = PBXBuildFile; fileRef = 7CFC945E26F2D027008042C5 /* ShoppingViewModel.swift */; };
		7CFC946126F2D4C5008042C5 /* PopularProductTableViewCell.swift in Sources */ = {isa = PBXBuildFile; fileRef = 7CFC946026F2D4C5008042C5 /* PopularProductTableViewCell.swift */; };
		7CFF120F2721420400E6A9D3 /* NewProductReviewViewController.swift in Sources */ = {isa = PBXBuildFile; fileRef = 7CFF120E2721420400E6A9D3 /* NewProductReviewViewController.swift */; };
		7CFF12112721460500E6A9D3 /* AddImageButtonCollectionViewCell.swift in Sources */ = {isa = PBXBuildFile; fileRef = 7CFF12102721460500E6A9D3 /* AddImageButtonCollectionViewCell.swift */; };
		7CFF12132721466900E6A9D3 /* UserPickedImageCollectionViewCell.swift in Sources */ = {isa = PBXBuildFile; fileRef = 7CFF12122721466900E6A9D3 /* UserPickedImageCollectionViewCell.swift */; };
		7CFF121827215A7900E6A9D3 /* MyPage.storyboard in Resources */ = {isa = PBXBuildFile; fileRef = 7CFF121727215A7900E6A9D3 /* MyPage.storyboard */; };
		7CFF121A27215A8900E6A9D3 /* MyPageViewController.swift in Sources */ = {isa = PBXBuildFile; fileRef = 7CFF121927215A8900E6A9D3 /* MyPageViewController.swift */; };
		7CFF121F27217C0D00E6A9D3 /* MyPageTableViewCell.swift in Sources */ = {isa = PBXBuildFile; fileRef = 7CFF121D27217C0D00E6A9D3 /* MyPageTableViewCell.swift */; };
		7CFF122027217C0D00E6A9D3 /* MyPageTableViewCell.xib in Resources */ = {isa = PBXBuildFile; fileRef = 7CFF121E27217C0D00E6A9D3 /* MyPageTableViewCell.xib */; };
/* End PBXBuildFile section */

/* Begin PBXFileReference section */
		15D9057233A5C711D0B7188D /* Pods_Velance.framework */ = {isa = PBXFileReference; explicitFileType = wrapper.framework; includeInIndex = 0; path = Pods_Velance.framework; sourceTree = BUILT_PRODUCTS_DIR; };
		3C51257A271455F4003E572D /* Community.storyboard */ = {isa = PBXFileReference; lastKnownFileType = file.storyboard; path = Community.storyboard; sourceTree = "<group>"; };
		3C51257C2714560C003E572D /* CommunityViewController.swift */ = {isa = PBXFileReference; lastKnownFileType = sourcecode.swift; path = CommunityViewController.swift; sourceTree = "<group>"; };
		3C6B700726F31CDC001FD7BB /* PersonalNutrientView.xib */ = {isa = PBXFileReference; lastKnownFileType = file.xib; path = PersonalNutrientView.xib; sourceTree = "<group>"; };
		3C6B700926F31CF9001FD7BB /* PersonalNutrientView.swift */ = {isa = PBXFileReference; lastKnownFileType = sourcecode.swift; path = PersonalNutrientView.swift; sourceTree = "<group>"; };
		3C6B700C26F32550001FD7BB /* MealView.xib */ = {isa = PBXFileReference; lastKnownFileType = file.xib; path = MealView.xib; sourceTree = "<group>"; };
		3C6B700E26F32566001FD7BB /* MealView.swift */ = {isa = PBXFileReference; lastKnownFileType = sourcecode.swift; path = MealView.swift; sourceTree = "<group>"; };
		3CAE4FE826EF200F00865767 /* SecondViewController.swift */ = {isa = PBXFileReference; lastKnownFileType = sourcecode.swift; path = SecondViewController.swift; sourceTree = "<group>"; };
		3CD5012526F22E9B009B450F /* BasicNutrientView.xib */ = {isa = PBXFileReference; lastKnownFileType = file.xib; path = BasicNutrientView.xib; sourceTree = "<group>"; };
		3CD5012726F22FA8009B450F /* BasicNutrientView.swift */ = {isa = PBXFileReference; lastKnownFileType = sourcecode.swift; path = BasicNutrientView.swift; sourceTree = "<group>"; };
		51542761A4DBABA0458111E7 /* Pods-Velance.release.xcconfig */ = {isa = PBXFileReference; includeInIndex = 1; lastKnownFileType = text.xcconfig; name = "Pods-Velance.release.xcconfig"; path = "Target Support Files/Pods-Velance/Pods-Velance.release.xcconfig"; sourceTree = "<group>"; };
		6C49951E271FBC3400E8DB4B /* ProgressHUD.swift */ = {isa = PBXFileReference; lastKnownFileType = sourcecode.swift; path = ProgressHUD.swift; sourceTree = "<group>"; };
		7C03678B2716C1FF0031DBBE /* ProductCollectionReusableView.swift */ = {isa = PBXFileReference; lastKnownFileType = sourcecode.swift; path = ProductCollectionReusableView.swift; sourceTree = "<group>"; };
		7C0367912716C7CC0031DBBE /* PopularProductCVC.xib */ = {isa = PBXFileReference; fileEncoding = 4; lastKnownFileType = file.xib; path = PopularProductCVC.xib; sourceTree = "<group>"; };
		7C37DE7927195F0800B4FBFB /* UploadNewProductViewController.swift */ = {isa = PBXFileReference; lastKnownFileType = sourcecode.swift; path = UploadNewProductViewController.swift; sourceTree = "<group>"; };
		7C37DE7D271AB1C500B4FBFB /* ProductReviewViewController.swift */ = {isa = PBXFileReference; lastKnownFileType = sourcecode.swift; path = ProductReviewViewController.swift; sourceTree = "<group>"; };
		7C37DE7F271ABE0900B4FBFB /* ProductReviewTableViewCell.swift */ = {isa = PBXFileReference; lastKnownFileType = sourcecode.swift; path = ProductReviewTableViewCell.swift; sourceTree = "<group>"; };
		7C37DE80271ABE0900B4FBFB /* ProductReviewTableViewCell.xib */ = {isa = PBXFileReference; lastKnownFileType = file.xib; path = ProductReviewTableViewCell.xib; sourceTree = "<group>"; };
		7C61456227141FFB00D659C5 /* ProductReview.storyboard */ = {isa = PBXFileReference; lastKnownFileType = file.storyboard; path = ProductReview.storyboard; sourceTree = "<group>"; };
		7C6145642714207500D659C5 /* ProductReviewListContainerViewController.swift */ = {isa = PBXFileReference; lastKnownFileType = sourcecode.swift; path = ProductReviewListContainerViewController.swift; sourceTree = "<group>"; };
		7C6145692715428F00D659C5 /* ProductForSimilarTasteCVC.swift */ = {isa = PBXFileReference; lastKnownFileType = sourcecode.swift; path = ProductForSimilarTasteCVC.swift; sourceTree = "<group>"; };
		7C61456A2715428F00D659C5 /* ProductForSimilarTasteCVC.xib */ = {isa = PBXFileReference; lastKnownFileType = file.xib; path = ProductForSimilarTasteCVC.xib; sourceTree = "<group>"; };
		7C61456E2715675200D659C5 /* PopularProductCVC.swift */ = {isa = PBXFileReference; lastKnownFileType = sourcecode.swift; path = PopularProductCVC.swift; sourceTree = "<group>"; };
		7C61457327156AE900D659C5 /* RatingStackView.swift */ = {isa = PBXFileReference; lastKnownFileType = sourcecode.swift; path = RatingStackView.swift; sourceTree = "<group>"; };
		7C72A56F27211CAE0010A812 /* ProductReviewHeaderView.swift */ = {isa = PBXFileReference; fileEncoding = 4; lastKnownFileType = sourcecode.swift; path = ProductReviewHeaderView.swift; sourceTree = "<group>"; };
		7C8189D126F2F828006AE474 /* RecipeDetailViewController.swift */ = {isa = PBXFileReference; lastKnownFileType = sourcecode.swift; path = RecipeDetailViewController.swift; sourceTree = "<group>"; };
		7C8E156826F1B7BA0042A235 /* RecipeCollectionViewCell.swift */ = {isa = PBXFileReference; lastKnownFileType = sourcecode.swift; path = RecipeCollectionViewCell.swift; sourceTree = "<group>"; };
		7C8E156926F1B7BA0042A235 /* RecipeCollectionViewCell.xib */ = {isa = PBXFileReference; lastKnownFileType = file.xib; path = RecipeCollectionViewCell.xib; sourceTree = "<group>"; };
		7C8EC8C426EF069900893CCD /* ShoppingItemCollectionViewCell.swift */ = {isa = PBXFileReference; lastKnownFileType = sourcecode.swift; path = ShoppingItemCollectionViewCell.swift; sourceTree = "<group>"; };
		7C8EC8C526EF069900893CCD /* ShoppingItemCollectionViewCell.xib */ = {isa = PBXFileReference; lastKnownFileType = file.xib; path = ShoppingItemCollectionViewCell.xib; sourceTree = "<group>"; };
		7C8EC8C826EF218500893CCD /* SimilarTasteProductTableViewCell.swift */ = {isa = PBXFileReference; lastKnownFileType = sourcecode.swift; path = SimilarTasteProductTableViewCell.swift; sourceTree = "<group>"; };
		7C8EC8D226F0819700893CCD /* VLBottomView.swift */ = {isa = PBXFileReference; lastKnownFileType = sourcecode.swift; path = VLBottomView.swift; sourceTree = "<group>"; };
		7C8EC8D426F081AB00893CCD /* VLBottomView.xib */ = {isa = PBXFileReference; lastKnownFileType = file.xib; path = VLBottomView.xib; sourceTree = "<group>"; };
		7C8ED24D270EA0F400693521 /* IdPasswordInputViewController.swift */ = {isa = PBXFileReference; lastKnownFileType = sourcecode.swift; path = IdPasswordInputViewController.swift; sourceTree = "<group>"; };
		7C8ED24F270EA8ED00693521 /* InputUserInfoForRegister.swift */ = {isa = PBXFileReference; lastKnownFileType = sourcecode.swift; path = InputUserInfoForRegister.swift; sourceTree = "<group>"; };
		7C8ED253270EA9A100693521 /* Storyboarded.swift */ = {isa = PBXFileReference; lastKnownFileType = sourcecode.swift; path = Storyboarded.swift; sourceTree = "<group>"; };
		7C91FC0527118D09000D237C /* Login.storyboard */ = {isa = PBXFileReference; lastKnownFileType = file.storyboard; path = Login.storyboard; sourceTree = "<group>"; };
		7C91FC0727118D21000D237C /* LoginViewController.swift */ = {isa = PBXFileReference; lastKnownFileType = sourcecode.swift; path = LoginViewController.swift; sourceTree = "<group>"; };
		7C922A4C2717F19300295A3F /* VLFloatingButton.swift */ = {isa = PBXFileReference; lastKnownFileType = sourcecode.swift; path = VLFloatingButton.swift; sourceTree = "<group>"; };
		7C922A4E2717FA7D00295A3F /* SearchProductViewController.swift */ = {isa = PBXFileReference; lastKnownFileType = sourcecode.swift; path = SearchProductViewController.swift; sourceTree = "<group>"; };
		7C922A512718052E00295A3F /* ChooseInterest.storyboard */ = {isa = PBXFileReference; lastKnownFileType = file.storyboard; path = ChooseInterest.storyboard; sourceTree = "<group>"; };
		7C922A532718054B00295A3F /* ChooseInterestViewController.swift */ = {isa = PBXFileReference; lastKnownFileType = sourcecode.swift; path = ChooseInterestViewController.swift; sourceTree = "<group>"; };
		7C97195C27100635003E193D /* VLGradientButton.swift */ = {isa = PBXFileReference; lastKnownFileType = sourcecode.swift; path = VLGradientButton.swift; sourceTree = "<group>"; };
		7CAEEB122710335D0049F257 /* UserOptions.swift */ = {isa = PBXFileReference; lastKnownFileType = sourcecode.swift; path = UserOptions.swift; sourceTree = "<group>"; };
		7CC36A2326EC5ED8007573DD /* Velance.app */ = {isa = PBXFileReference; explicitFileType = wrapper.application; includeInIndex = 0; path = Velance.app; sourceTree = BUILT_PRODUCTS_DIR; };
		7CC36A2826EC5ED8007573DD /* SceneDelegate.swift */ = {isa = PBXFileReference; lastKnownFileType = sourcecode.swift; path = SceneDelegate.swift; sourceTree = "<group>"; };
		7CC36A2A26EC5ED8007573DD /* MainViewController.swift */ = {isa = PBXFileReference; lastKnownFileType = sourcecode.swift; path = MainViewController.swift; sourceTree = "<group>"; };
		7CC36A2D26EC5ED8007573DD /* Base */ = {isa = PBXFileReference; lastKnownFileType = file.storyboard; name = Base; path = Base.lproj/Main.storyboard; sourceTree = "<group>"; };
		7CC36A2F26EC5EDB007573DD /* Assets.xcassets */ = {isa = PBXFileReference; lastKnownFileType = folder.assetcatalog; path = Assets.xcassets; sourceTree = "<group>"; };
		7CC36A3226EC5EDB007573DD /* Base */ = {isa = PBXFileReference; lastKnownFileType = file.storyboard; name = Base; path = Base.lproj/LaunchScreen.storyboard; sourceTree = "<group>"; };
		7CC36A3426EC5EDB007573DD /* Info.plist */ = {isa = PBXFileReference; lastKnownFileType = text.plist.xml; path = Info.plist; sourceTree = "<group>"; };
		7CC36A4026EC63D8007573DD /* UserRegister.storyboard */ = {isa = PBXFileReference; lastKnownFileType = file.storyboard; path = UserRegister.storyboard; sourceTree = "<group>"; };
		7CC36A4526EC6437007573DD /* Shopping.storyboard */ = {isa = PBXFileReference; lastKnownFileType = file.storyboard; path = Shopping.storyboard; sourceTree = "<group>"; };
		7CC36A4826EC647E007573DD /* AppDelegate.swift */ = {isa = PBXFileReference; fileEncoding = 4; lastKnownFileType = sourcecode.swift; path = AppDelegate.swift; sourceTree = "<group>"; };
		7CC36A4A26EC648D007573DD /* UserManager.swift */ = {isa = PBXFileReference; lastKnownFileType = sourcecode.swift; path = UserManager.swift; sourceTree = "<group>"; };
		7CC36A4C26EC65D7007573DD /* Constants.swift */ = {isa = PBXFileReference; lastKnownFileType = sourcecode.swift; path = Constants.swift; sourceTree = "<group>"; };
		7CC36A4E26EC6E40007573DD /* ShoppingViewController.swift */ = {isa = PBXFileReference; lastKnownFileType = sourcecode.swift; path = ShoppingViewController.swift; sourceTree = "<group>"; };
		7CC36A5126EC70C1007573DD /* UIViewController+Extension.swift */ = {isa = PBXFileReference; lastKnownFileType = sourcecode.swift; path = "UIViewController+Extension.swift"; sourceTree = "<group>"; };
		7CC36A5326EC7194007573DD /* Record.storyboard */ = {isa = PBXFileReference; lastKnownFileType = file.storyboard; path = Record.storyboard; sourceTree = "<group>"; };
		7CC36A5526EC7272007573DD /* RecordViewController.swift */ = {isa = PBXFileReference; lastKnownFileType = sourcecode.swift; path = RecordViewController.swift; sourceTree = "<group>"; };
		7CC36A5726EC8561007573DD /* UIButton+Extension.swift */ = {isa = PBXFileReference; lastKnownFileType = sourcecode.swift; path = "UIButton+Extension.swift"; sourceTree = "<group>"; };
		7CC36A8C26EE3DCD007573DD /* UserRegisterValues.swift */ = {isa = PBXFileReference; lastKnownFileType = sourcecode.swift; path = UserRegisterValues.swift; sourceTree = "<group>"; };
		7CC36A8F26EE3F2C007573DD /* VLTitleLabel.swift */ = {isa = PBXFileReference; fileEncoding = 4; lastKnownFileType = sourcecode.swift; path = VLTitleLabel.swift; sourceTree = "<group>"; };
		7CC36A9026EE3F2C007573DD /* AlertViewController.swift */ = {isa = PBXFileReference; fileEncoding = 4; lastKnownFileType = sourcecode.swift; path = AlertViewController.swift; sourceTree = "<group>"; };
		7CC36A9126EE3F2D007573DD /* VLBodyLabel.swift */ = {isa = PBXFileReference; fileEncoding = 4; lastKnownFileType = sourcecode.swift; path = VLBodyLabel.swift; sourceTree = "<group>"; };
		7CC36A9226EE3F2D007573DD /* VLButton.swift */ = {isa = PBXFileReference; fileEncoding = 4; lastKnownFileType = sourcecode.swift; path = VLButton.swift; sourceTree = "<group>"; };
		7CEED0E9272243F5005CACF5 /* VLStarButton.swift */ = {isa = PBXFileReference; lastKnownFileType = sourcecode.swift; path = VLStarButton.swift; sourceTree = "<group>"; };
		7CEED0EB27225FDB005CACF5 /* UIHelper.swift */ = {isa = PBXFileReference; lastKnownFileType = sourcecode.swift; path = UIHelper.swift; sourceTree = "<group>"; };
		7CF529712710513600499709 /* String+Extension.swift */ = {isa = PBXFileReference; lastKnownFileType = sourcecode.swift; path = "String+Extension.swift"; sourceTree = "<group>"; };
		7CF52973271055E200499709 /* NSMutableAttributedString+Extension.swift */ = {isa = PBXFileReference; lastKnownFileType = sourcecode.swift; path = "NSMutableAttributedString+Extension.swift"; sourceTree = "<group>"; };
		7CFC945E26F2D027008042C5 /* ShoppingViewModel.swift */ = {isa = PBXFileReference; lastKnownFileType = sourcecode.swift; path = ShoppingViewModel.swift; sourceTree = "<group>"; };
		7CFC946026F2D4C5008042C5 /* PopularProductTableViewCell.swift */ = {isa = PBXFileReference; lastKnownFileType = sourcecode.swift; path = PopularProductTableViewCell.swift; sourceTree = "<group>"; };
		7CFF120E2721420400E6A9D3 /* NewProductReviewViewController.swift */ = {isa = PBXFileReference; lastKnownFileType = sourcecode.swift; path = NewProductReviewViewController.swift; sourceTree = "<group>"; };
		7CFF12102721460500E6A9D3 /* AddImageButtonCollectionViewCell.swift */ = {isa = PBXFileReference; lastKnownFileType = sourcecode.swift; path = AddImageButtonCollectionViewCell.swift; sourceTree = "<group>"; };
		7CFF12122721466900E6A9D3 /* UserPickedImageCollectionViewCell.swift */ = {isa = PBXFileReference; lastKnownFileType = sourcecode.swift; path = UserPickedImageCollectionViewCell.swift; sourceTree = "<group>"; };
		7CFF121727215A7900E6A9D3 /* MyPage.storyboard */ = {isa = PBXFileReference; lastKnownFileType = file.storyboard; path = MyPage.storyboard; sourceTree = "<group>"; };
		7CFF121927215A8900E6A9D3 /* MyPageViewController.swift */ = {isa = PBXFileReference; lastKnownFileType = sourcecode.swift; path = MyPageViewController.swift; sourceTree = "<group>"; };
		7CFF121D27217C0D00E6A9D3 /* MyPageTableViewCell.swift */ = {isa = PBXFileReference; lastKnownFileType = sourcecode.swift; path = MyPageTableViewCell.swift; sourceTree = "<group>"; };
		7CFF121E27217C0D00E6A9D3 /* MyPageTableViewCell.xib */ = {isa = PBXFileReference; lastKnownFileType = file.xib; path = MyPageTableViewCell.xib; sourceTree = "<group>"; };
		AE20086C63AF53ABBB3FE514 /* Pods-Velance.debug.xcconfig */ = {isa = PBXFileReference; includeInIndex = 1; lastKnownFileType = text.xcconfig; name = "Pods-Velance.debug.xcconfig"; path = "Target Support Files/Pods-Velance/Pods-Velance.debug.xcconfig"; sourceTree = "<group>"; };
/* End PBXFileReference section */

/* Begin PBXFrameworksBuildPhase section */
		7CC36A2026EC5ED8007573DD /* Frameworks */ = {
			isa = PBXFrameworksBuildPhase;
			buildActionMask = 2147483647;
			files = (
				4FBA72620C2F17F7A0AB5C9C /* Pods_Velance.framework in Frameworks */,
			);
			runOnlyForDeploymentPostprocessing = 0;
		};
/* End PBXFrameworksBuildPhase section */

/* Begin PBXGroup section */
		0A444DD10BD77C2516C110B8 /* Frameworks */ = {
			isa = PBXGroup;
			children = (
				15D9057233A5C711D0B7188D /* Pods_Velance.framework */,
			);
			name = Frameworks;
			sourceTree = "<group>";
		};
		2272132A743E8DB8C409FDFC /* Pods */ = {
			isa = PBXGroup;
			children = (
				AE20086C63AF53ABBB3FE514 /* Pods-Velance.debug.xcconfig */,
				51542761A4DBABA0458111E7 /* Pods-Velance.release.xcconfig */,
			);
			path = Pods;
			sourceTree = "<group>";
		};
		3C51257927144FE8003E572D /* Community */ = {
			isa = PBXGroup;
			children = (
				3C51257A271455F4003E572D /* Community.storyboard */,
				3C51257C2714560C003E572D /* CommunityViewController.swift */,
			);
			path = Community;
			sourceTree = "<group>";
		};
		3C6B700626F31CC6001FD7BB /* NutrientView2 */ = {
			isa = PBXGroup;
			children = (
				3C6B700726F31CDC001FD7BB /* PersonalNutrientView.xib */,
				3C6B700926F31CF9001FD7BB /* PersonalNutrientView.swift */,
			);
			path = NutrientView2;
			sourceTree = "<group>";
		};
		3C6B700B26F3251A001FD7BB /* MealView */ = {
			isa = PBXGroup;
			children = (
				3C6B700C26F32550001FD7BB /* MealView.xib */,
				3C6B700E26F32566001FD7BB /* MealView.swift */,
			);
			path = MealView;
			sourceTree = "<group>";
		};
		3CD5012226F22E3D009B450F /* NutrientView */ = {
			isa = PBXGroup;
			children = (
				3CD5012526F22E9B009B450F /* BasicNutrientView.xib */,
				3CD5012726F22FA8009B450F /* BasicNutrientView.swift */,
			);
			path = NutrientView;
			sourceTree = "<group>";
		};
		6C49951D271FBC1000E8DB4B /* UI Helper */ = {
			isa = PBXGroup;
			children = (
				6C49951E271FBC3400E8DB4B /* ProgressHUD.swift */,
				7CEED0EB27225FDB005CACF5 /* UIHelper.swift */,
			);
			path = "UI Helper";
			sourceTree = "<group>";
		};
		7C61456127141FD500D659C5 /* Product Review */ = {
			isa = PBXGroup;
			children = (
				7C72A56E27211CAE0010A812 /* Custom Views */,
				7C922A4B2717EFAD00295A3F /* View Controller */,
				7C6145682715420B00D659C5 /* Custom Cells */,
			);
			path = "Product Review";
			sourceTree = "<group>";
		};
		7C6145682715420B00D659C5 /* Custom Cells */ = {
			isa = PBXGroup;
			children = (
				7C61456A2715428F00D659C5 /* ProductForSimilarTasteCVC.xib */,
				7C6145692715428F00D659C5 /* ProductForSimilarTasteCVC.swift */,
				7C0367912716C7CC0031DBBE /* PopularProductCVC.xib */,
				7C61456E2715675200D659C5 /* PopularProductCVC.swift */,
				7C03678B2716C1FF0031DBBE /* ProductCollectionReusableView.swift */,
				7C37DE7F271ABE0900B4FBFB /* ProductReviewTableViewCell.swift */,
				7C37DE80271ABE0900B4FBFB /* ProductReviewTableViewCell.xib */,
			);
			path = "Custom Cells";
			sourceTree = "<group>";
		};
		7C61457227156AD600D659C5 /* Rating View */ = {
			isa = PBXGroup;
			children = (
				7C61457327156AE900D659C5 /* RatingStackView.swift */,
			);
			path = "Rating View";
			sourceTree = "<group>";
		};
		7C72A56A272115680010A812 /* Recovered References */ = {
			isa = PBXGroup;
			children = (
			);
			name = "Recovered References";
			sourceTree = "<group>";
		};
		7C72A56E27211CAE0010A812 /* Custom Views */ = {
			isa = PBXGroup;
			children = (
				7C72A56F27211CAE0010A812 /* ProductReviewHeaderView.swift */,
			);
			path = "Custom Views";
			sourceTree = "<group>";
		};
		7C8ED252270EA98A00693521 /* Protocols */ = {
			isa = PBXGroup;
			children = (
				7C8ED253270EA9A100693521 /* Storyboarded.swift */,
			);
			path = Protocols;
			sourceTree = "<group>";
		};
		7C91FC0427118CA5000D237C /* Login */ = {
			isa = PBXGroup;
			children = (
				7C91FC0527118D09000D237C /* Login.storyboard */,
				7C91FC0727118D21000D237C /* LoginViewController.swift */,
			);
			path = Login;
			sourceTree = "<group>";
		};
		7C922A4B2717EFAD00295A3F /* View Controller */ = {
			isa = PBXGroup;
			children = (
				7C61456227141FFB00D659C5 /* ProductReview.storyboard */,
				7C6145642714207500D659C5 /* ProductReviewListContainerViewController.swift */,
				7C37DE7D271AB1C500B4FBFB /* ProductReviewViewController.swift */,
				7C922A4E2717FA7D00295A3F /* SearchProductViewController.swift */,
				7C37DE7927195F0800B4FBFB /* UploadNewProductViewController.swift */,
				7CFF120E2721420400E6A9D3 /* NewProductReviewViewController.swift */,
			);
			path = "View Controller";
			sourceTree = "<group>";
		};
		7C922A502718050300295A3F /* Custom VC */ = {
			isa = PBXGroup;
			children = (
				7C922A512718052E00295A3F /* ChooseInterest.storyboard */,
				7C922A532718054B00295A3F /* ChooseInterestViewController.swift */,
			);
			path = "Custom VC";
			sourceTree = "<group>";
		};
		7C97195B27100617003E193D /* UIButton */ = {
			isa = PBXGroup;
			children = (
				7C97195C27100635003E193D /* VLGradientButton.swift */,
				7C922A4C2717F19300295A3F /* VLFloatingButton.swift */,
				7CEED0E9272243F5005CACF5 /* VLStarButton.swift */,
			);
			path = UIButton;
			sourceTree = "<group>";
		};
		7CAEEB112710334C0049F257 /* Constants */ = {
			isa = PBXGroup;
			children = (
				7CC36A4C26EC65D7007573DD /* Constants.swift */,
				7CAEEB122710335D0049F257 /* UserOptions.swift */,
			);
			path = Constants;
			sourceTree = "<group>";
		};
		7CC36A1A26EC5ED8007573DD = {
			isa = PBXGroup;
			children = (
				7CC36A2526EC5ED8007573DD /* Velance */,
				7CC36A2426EC5ED8007573DD /* Products */,
				2272132A743E8DB8C409FDFC /* Pods */,
				0A444DD10BD77C2516C110B8 /* Frameworks */,
				7C72A56A272115680010A812 /* Recovered References */,
			);
			sourceTree = "<group>";
		};
		7CC36A2426EC5ED8007573DD /* Products */ = {
			isa = PBXGroup;
			children = (
				7CC36A2326EC5ED8007573DD /* Velance.app */,
			);
			name = Products;
			sourceTree = "<group>";
		};
		7CC36A2526EC5ED8007573DD /* Velance */ = {
			isa = PBXGroup;
			children = (
				7CAEEB112710334C0049F257 /* Constants */,
				7C91FC0427118CA5000D237C /* Login */,
				7CC36A5926EC8A23007573DD /* Main */,
				7CC36A3D26EC6378007573DD /* UserRegister */,
				3C51257927144FE8003E572D /* Community */,
				7CC36A3E26EC637D007573DD /* Record(Unused) */,
				7CC36A3F26EC63B8007573DD /* Shopping */,
				7C61456127141FD500D659C5 /* Product Review */,
				7CFF1214272159C600E6A9D3 /* MyPage */,
				7CC36A3C26EC6366007573DD /* Views */,
				7CC36A3B26EC6360007573DD /* Network Group */,
				7CC36A3A26EC6358007573DD /* Model */,
				7CC36A5026EC70AD007573DD /* Extensions */,
				7C8ED252270EA98A00693521 /* Protocols */,
				6C49951D271FBC1000E8DB4B /* UI Helper */,
				7CC36A2826EC5ED8007573DD /* SceneDelegate.swift */,
				7CC36A4826EC647E007573DD /* AppDelegate.swift */,
				7CC36A2F26EC5EDB007573DD /* Assets.xcassets */,
				7CC36A3126EC5EDB007573DD /* LaunchScreen.storyboard */,
				7CC36A3426EC5EDB007573DD /* Info.plist */,
			);
			path = Velance;
			sourceTree = "<group>";
		};
		7CC36A3A26EC6358007573DD /* Model */ = {
			isa = PBXGroup;
			children = (
				7CC36A8C26EE3DCD007573DD /* UserRegisterValues.swift */,
			);
			path = Model;
			sourceTree = "<group>";
		};
		7CC36A3B26EC6360007573DD /* Network Group */ = {
			isa = PBXGroup;
			children = (
				7CC36A4A26EC648D007573DD /* UserManager.swift */,
			);
			path = "Network Group";
			sourceTree = "<group>";
		};
		7CC36A3C26EC6366007573DD /* Views */ = {
			isa = PBXGroup;
			children = (
				7C922A502718050300295A3F /* Custom VC */,
				7C61457227156AD600D659C5 /* Rating View */,
				7CC36A8E26EE3F1E007573DD /* Custom Alerts */,
				7C97195B27100617003E193D /* UIButton */,
				7CC36A4426EC6427007573DD /* UIViews */,
				7CC36A4326EC641E007573DD /* UITableView Cells */,
				7CC36A4226EC6416007573DD /* UICollectionView Cells */,
			);
			path = Views;
			sourceTree = "<group>";
		};
		7CC36A3D26EC6378007573DD /* UserRegister */ = {
			isa = PBXGroup;
			children = (
				7CC36A4026EC63D8007573DD /* UserRegister.storyboard */,
				7C8ED24D270EA0F400693521 /* IdPasswordInputViewController.swift */,
				7C8ED24F270EA8ED00693521 /* InputUserInfoForRegister.swift */,
			);
			path = UserRegister;
			sourceTree = "<group>";
		};
		7CC36A3E26EC637D007573DD /* Record(Unused) */ = {
			isa = PBXGroup;
			children = (
				3C6B700B26F3251A001FD7BB /* MealView */,
				3CD5012226F22E3D009B450F /* NutrientView */,
				3C6B700626F31CC6001FD7BB /* NutrientView2 */,
				7CC36A5326EC7194007573DD /* Record.storyboard */,
				7CC36A5526EC7272007573DD /* RecordViewController.swift */,
				3CAE4FE826EF200F00865767 /* SecondViewController.swift */,
			);
			path = "Record(Unused)";
			sourceTree = "<group>";
		};
		7CC36A3F26EC63B8007573DD /* Shopping */ = {
			isa = PBXGroup;
			children = (
				7CC36A4526EC6437007573DD /* Shopping.storyboard */,
				7CC36A4E26EC6E40007573DD /* ShoppingViewController.swift */,
				7CFC945E26F2D027008042C5 /* ShoppingViewModel.swift */,
				7C8189D126F2F828006AE474 /* RecipeDetailViewController.swift */,
			);
			path = Shopping;
			sourceTree = "<group>";
		};
		7CC36A4226EC6416007573DD /* UICollectionView Cells */ = {
			isa = PBXGroup;
			children = (
				7C8EC8C426EF069900893CCD /* ShoppingItemCollectionViewCell.swift */,
				7C8E156826F1B7BA0042A235 /* RecipeCollectionViewCell.swift */,
				7C8E156926F1B7BA0042A235 /* RecipeCollectionViewCell.xib */,
				7C8EC8C526EF069900893CCD /* ShoppingItemCollectionViewCell.xib */,
				7CFF12102721460500E6A9D3 /* AddImageButtonCollectionViewCell.swift */,
				7CFF12122721466900E6A9D3 /* UserPickedImageCollectionViewCell.swift */,
			);
			path = "UICollectionView Cells";
			sourceTree = "<group>";
		};
		7CC36A4326EC641E007573DD /* UITableView Cells */ = {
			isa = PBXGroup;
			children = (
				7C8EC8C826EF218500893CCD /* SimilarTasteProductTableViewCell.swift */,
				7CFC946026F2D4C5008042C5 /* PopularProductTableViewCell.swift */,
			);
			path = "UITableView Cells";
			sourceTree = "<group>";
		};
		7CC36A4426EC6427007573DD /* UIViews */ = {
			isa = PBXGroup;
			children = (
				7C8EC8D226F0819700893CCD /* VLBottomView.swift */,
				7C8EC8D426F081AB00893CCD /* VLBottomView.xib */,
			);
			path = UIViews;
			sourceTree = "<group>";
		};
		7CC36A5026EC70AD007573DD /* Extensions */ = {
			isa = PBXGroup;
			children = (
				7CC36A5126EC70C1007573DD /* UIViewController+Extension.swift */,
				7CC36A5726EC8561007573DD /* UIButton+Extension.swift */,
				7CF529712710513600499709 /* String+Extension.swift */,
				7CF52973271055E200499709 /* NSMutableAttributedString+Extension.swift */,
			);
			path = Extensions;
			sourceTree = "<group>";
		};
		7CC36A5926EC8A23007573DD /* Main */ = {
			isa = PBXGroup;
			children = (
				7CC36A2C26EC5ED8007573DD /* Main.storyboard */,
				7CC36A2A26EC5ED8007573DD /* MainViewController.swift */,
			);
			path = Main;
			sourceTree = "<group>";
		};
		7CC36A8E26EE3F1E007573DD /* Custom Alerts */ = {
			isa = PBXGroup;
			children = (
				7CC36A9026EE3F2C007573DD /* AlertViewController.swift */,
				7CC36A9126EE3F2D007573DD /* VLBodyLabel.swift */,
				7CC36A9226EE3F2D007573DD /* VLButton.swift */,
				7CC36A8F26EE3F2C007573DD /* VLTitleLabel.swift */,
			);
			path = "Custom Alerts";
			sourceTree = "<group>";
		};
		7CFF1214272159C600E6A9D3 /* MyPage */ = {
			isa = PBXGroup;
			children = (
				7CFF121627215A1200E6A9D3 /* Custom Cells */,
				7CFF121527215A0800E6A9D3 /* View Controller */,
			);
			path = MyPage;
			sourceTree = "<group>";
		};
		7CFF121527215A0800E6A9D3 /* View Controller */ = {
			isa = PBXGroup;
			children = (
				7CFF121727215A7900E6A9D3 /* MyPage.storyboard */,
				7CFF121927215A8900E6A9D3 /* MyPageViewController.swift */,
			);
			path = "View Controller";
			sourceTree = "<group>";
		};
		7CFF121627215A1200E6A9D3 /* Custom Cells */ = {
			isa = PBXGroup;
			children = (
				7CFF121D27217C0D00E6A9D3 /* MyPageTableViewCell.swift */,
				7CFF121E27217C0D00E6A9D3 /* MyPageTableViewCell.xib */,
			);
			path = "Custom Cells";
			sourceTree = "<group>";
		};
/* End PBXGroup section */

/* Begin PBXNativeTarget section */
		7CC36A2226EC5ED8007573DD /* Velance */ = {
			isa = PBXNativeTarget;
			buildConfigurationList = 7CC36A3726EC5EDB007573DD /* Build configuration list for PBXNativeTarget "Velance" */;
			buildPhases = (
				31D500B5455239A6736C599F /* [CP] Check Pods Manifest.lock */,
				7CC36A1F26EC5ED8007573DD /* Sources */,
				7CC36A2026EC5ED8007573DD /* Frameworks */,
				7CC36A2126EC5ED8007573DD /* Resources */,
				80D7045DD80EDE7578D7FF64 /* [CP] Embed Pods Frameworks */,
			);
			buildRules = (
			);
			dependencies = (
			);
			name = Velance;
			productName = Velance;
			productReference = 7CC36A2326EC5ED8007573DD /* Velance.app */;
			productType = "com.apple.product-type.application";
		};
/* End PBXNativeTarget section */

/* Begin PBXProject section */
		7CC36A1B26EC5ED8007573DD /* Project object */ = {
			isa = PBXProject;
			attributes = {
				LastSwiftUpdateCheck = 1250;
				LastUpgradeCheck = 1250;
				TargetAttributes = {
					7CC36A2226EC5ED8007573DD = {
						CreatedOnToolsVersion = 12.5;
					};
				};
			};
			buildConfigurationList = 7CC36A1E26EC5ED8007573DD /* Build configuration list for PBXProject "Velance" */;
			compatibilityVersion = "Xcode 9.3";
			developmentRegion = en;
			hasScannedForEncodings = 0;
			knownRegions = (
				en,
				Base,
			);
			mainGroup = 7CC36A1A26EC5ED8007573DD;
			productRefGroup = 7CC36A2426EC5ED8007573DD /* Products */;
			projectDirPath = "";
			projectRoot = "";
			targets = (
				7CC36A2226EC5ED8007573DD /* Velance */,
			);
		};
/* End PBXProject section */

/* Begin PBXResourcesBuildPhase section */
		7CC36A2126EC5ED8007573DD /* Resources */ = {
			isa = PBXResourcesBuildPhase;
			buildActionMask = 2147483647;
			files = (
				3C6B700826F31CDC001FD7BB /* PersonalNutrientView.xib in Resources */,
				3C6B700D26F32550001FD7BB /* MealView.xib in Resources */,
				7CC36A3326EC5EDB007573DD /* LaunchScreen.storyboard in Resources */,
				7CFF122027217C0D00E6A9D3 /* MyPageTableViewCell.xib in Resources */,
				7C8EC8C726EF069900893CCD /* ShoppingItemCollectionViewCell.xib in Resources */,
				7C61456C2715428F00D659C5 /* ProductForSimilarTasteCVC.xib in Resources */,
				7CC36A3026EC5EDB007573DD /* Assets.xcassets in Resources */,
				3CD5012626F22E9B009B450F /* BasicNutrientView.xib in Resources */,
				7C8EC8D526F081AB00893CCD /* VLBottomView.xib in Resources */,
				7CC36A4126EC63D8007573DD /* UserRegister.storyboard in Resources */,
				7C8E156B26F1B7BA0042A235 /* RecipeCollectionViewCell.xib in Resources */,
				7CC36A5426EC7194007573DD /* Record.storyboard in Resources */,
				7CFF121827215A7900E6A9D3 /* MyPage.storyboard in Resources */,
				7C61456327141FFB00D659C5 /* ProductReview.storyboard in Resources */,
				7CC36A4626EC6437007573DD /* Shopping.storyboard in Resources */,
				7C37DE82271ABE0A00B4FBFB /* ProductReviewTableViewCell.xib in Resources */,
				3C51257B271455F4003E572D /* Community.storyboard in Resources */,
				7C0367922716C7CC0031DBBE /* PopularProductCVC.xib in Resources */,
				7C922A522718052E00295A3F /* ChooseInterest.storyboard in Resources */,
				7CC36A2E26EC5ED8007573DD /* Main.storyboard in Resources */,
				7C91FC0627118D09000D237C /* Login.storyboard in Resources */,
			);
			runOnlyForDeploymentPostprocessing = 0;
		};
/* End PBXResourcesBuildPhase section */

/* Begin PBXShellScriptBuildPhase section */
		31D500B5455239A6736C599F /* [CP] Check Pods Manifest.lock */ = {
			isa = PBXShellScriptBuildPhase;
			buildActionMask = 2147483647;
			files = (
			);
			inputFileListPaths = (
			);
			inputPaths = (
				"${PODS_PODFILE_DIR_PATH}/Podfile.lock",
				"${PODS_ROOT}/Manifest.lock",
			);
			name = "[CP] Check Pods Manifest.lock";
			outputFileListPaths = (
			);
			outputPaths = (
				"$(DERIVED_FILE_DIR)/Pods-Velance-checkManifestLockResult.txt",
			);
			runOnlyForDeploymentPostprocessing = 0;
			shellPath = /bin/sh;
			shellScript = "diff \"${PODS_PODFILE_DIR_PATH}/Podfile.lock\" \"${PODS_ROOT}/Manifest.lock\" > /dev/null\nif [ $? != 0 ] ; then\n    # print error to STDERR\n    echo \"error: The sandbox is not in sync with the Podfile.lock. Run 'pod install' or update your CocoaPods installation.\" >&2\n    exit 1\nfi\n# This output is used by Xcode 'outputs' to avoid re-running this script phase.\necho \"SUCCESS\" > \"${SCRIPT_OUTPUT_FILE_0}\"\n";
			showEnvVarsInLog = 0;
		};
		80D7045DD80EDE7578D7FF64 /* [CP] Embed Pods Frameworks */ = {
			isa = PBXShellScriptBuildPhase;
			buildActionMask = 2147483647;
			files = (
			);
			inputFileListPaths = (
				"${PODS_ROOT}/Target Support Files/Pods-Velance/Pods-Velance-frameworks-${CONFIGURATION}-input-files.xcfilelist",
			);
			name = "[CP] Embed Pods Frameworks";
			outputFileListPaths = (
				"${PODS_ROOT}/Target Support Files/Pods-Velance/Pods-Velance-frameworks-${CONFIGURATION}-output-files.xcfilelist",
			);
			runOnlyForDeploymentPostprocessing = 0;
			shellPath = /bin/sh;
			shellScript = "\"${PODS_ROOT}/Target Support Files/Pods-Velance/Pods-Velance-frameworks.sh\"\n";
			showEnvVarsInLog = 0;
		};
/* End PBXShellScriptBuildPhase section */

/* Begin PBXSourcesBuildPhase section */
		7CC36A1F26EC5ED8007573DD /* Sources */ = {
			isa = PBXSourcesBuildPhase;
			buildActionMask = 2147483647;
			files = (
				7C61456B2715428F00D659C5 /* ProductForSimilarTasteCVC.swift in Sources */,
				7C8ED24E270EA0F400693521 /* IdPasswordInputViewController.swift in Sources */,
				6C49951F271FBC3400E8DB4B /* ProgressHUD.swift in Sources */,
				7CC36A9526EE3F2D007573DD /* VLBodyLabel.swift in Sources */,
				3C6B700A26F31CF9001FD7BB /* PersonalNutrientView.swift in Sources */,
				7CEED0EC27225FDB005CACF5 /* UIHelper.swift in Sources */,
				7CC36A4D26EC65D7007573DD /* Constants.swift in Sources */,
				3CAE4FE926EF200F00865767 /* SecondViewController.swift in Sources */,
				7CC36A4926EC647E007573DD /* AppDelegate.swift in Sources */,
				7C97195D27100635003E193D /* VLGradientButton.swift in Sources */,
				7CF529722710513600499709 /* String+Extension.swift in Sources */,
				7CFF121A27215A8900E6A9D3 /* MyPageViewController.swift in Sources */,
				7C8E156A26F1B7BA0042A235 /* RecipeCollectionViewCell.swift in Sources */,
				7CC36A2B26EC5ED8007573DD /* MainViewController.swift in Sources */,
				3C51257D2714560C003E572D /* CommunityViewController.swift in Sources */,
				7C8EC8C926EF218500893CCD /* SimilarTasteProductTableViewCell.swift in Sources */,
				7C6145652714207500D659C5 /* ProductReviewListContainerViewController.swift in Sources */,
				7C922A4F2717FA7D00295A3F /* SearchProductViewController.swift in Sources */,
				7CFC945F26F2D027008042C5 /* ShoppingViewModel.swift in Sources */,
				7C922A542718054B00295A3F /* ChooseInterestViewController.swift in Sources */,
				3C6B700F26F32566001FD7BB /* MealView.swift in Sources */,
				7CC36A9326EE3F2D007573DD /* VLTitleLabel.swift in Sources */,
				7CC36A5626EC7272007573DD /* RecordViewController.swift in Sources */,
				7CC36A4B26EC648D007573DD /* UserManager.swift in Sources */,
				7C8ED250270EA8ED00693521 /* InputUserInfoForRegister.swift in Sources */,
				7CC36A5826EC8561007573DD /* UIButton+Extension.swift in Sources */,
				7CC36A8D26EE3DCD007573DD /* UserRegisterValues.swift in Sources */,
				7C922A4D2717F19300295A3F /* VLFloatingButton.swift in Sources */,
				7CFF12112721460500E6A9D3 /* AddImageButtonCollectionViewCell.swift in Sources */,
				7C37DE7E271AB1C500B4FBFB /* ProductReviewViewController.swift in Sources */,
				7CEED0EA272243F5005CACF5 /* VLStarButton.swift in Sources */,
				7CFF12132721466900E6A9D3 /* UserPickedImageCollectionViewCell.swift in Sources */,
				7C6145702715675200D659C5 /* PopularProductCVC.swift in Sources */,
				7C03678D2716C1FF0031DBBE /* ProductCollectionReusableView.swift in Sources */,
				7C72A57027211CAE0010A812 /* ProductReviewHeaderView.swift in Sources */,
				7C8EC8C626EF069900893CCD /* ShoppingItemCollectionViewCell.swift in Sources */,
				7CFF121F27217C0D00E6A9D3 /* MyPageTableViewCell.swift in Sources */,
				7CC36A5226EC70C1007573DD /* UIViewController+Extension.swift in Sources */,
				7CFC946126F2D4C5008042C5 /* PopularProductTableViewCell.swift in Sources */,
				7C37DE81271ABE0A00B4FBFB /* ProductReviewTableViewCell.swift in Sources */,
				7C91FC0827118D21000D237C /* LoginViewController.swift in Sources */,
				7CC36A9626EE3F2D007573DD /* VLButton.swift in Sources */,
				7CC36A4F26EC6E40007573DD /* ShoppingViewController.swift in Sources */,
				7CF52974271055E200499709 /* NSMutableAttributedString+Extension.swift in Sources */,
				7C8189D226F2F828006AE474 /* RecipeDetailViewController.swift in Sources */,
				7C61457427156AE900D659C5 /* RatingStackView.swift in Sources */,
				7C8ED254270EA9A100693521 /* Storyboarded.swift in Sources */,
				7CC36A9426EE3F2D007573DD /* AlertViewController.swift in Sources */,
				7CC36A2926EC5ED8007573DD /* SceneDelegate.swift in Sources */,
				7C8EC8D326F0819800893CCD /* VLBottomView.swift in Sources */,
				3CD5012826F22FA8009B450F /* BasicNutrientView.swift in Sources */,
				7CFF120F2721420400E6A9D3 /* NewProductReviewViewController.swift in Sources */,
				7C37DE7A27195F0800B4FBFB /* UploadNewProductViewController.swift in Sources */,
				7CAEEB132710335D0049F257 /* UserOptions.swift in Sources */,
			);
			runOnlyForDeploymentPostprocessing = 0;
		};
/* End PBXSourcesBuildPhase section */

/* Begin PBXVariantGroup section */
		7CC36A2C26EC5ED8007573DD /* Main.storyboard */ = {
			isa = PBXVariantGroup;
			children = (
				7CC36A2D26EC5ED8007573DD /* Base */,
			);
			name = Main.storyboard;
			sourceTree = "<group>";
		};
		7CC36A3126EC5EDB007573DD /* LaunchScreen.storyboard */ = {
			isa = PBXVariantGroup;
			children = (
				7CC36A3226EC5EDB007573DD /* Base */,
			);
			name = LaunchScreen.storyboard;
			sourceTree = "<group>";
		};
/* End PBXVariantGroup section */

/* Begin XCBuildConfiguration section */
		7CC36A3526EC5EDB007573DD /* Debug */ = {
			isa = XCBuildConfiguration;
			buildSettings = {
				ALWAYS_SEARCH_USER_PATHS = NO;
				CLANG_ANALYZER_NONNULL = YES;
				CLANG_ANALYZER_NUMBER_OBJECT_CONVERSION = YES_AGGRESSIVE;
				CLANG_CXX_LANGUAGE_STANDARD = "gnu++14";
				CLANG_CXX_LIBRARY = "libc++";
				CLANG_ENABLE_MODULES = YES;
				CLANG_ENABLE_OBJC_ARC = YES;
				CLANG_ENABLE_OBJC_WEAK = YES;
				CLANG_WARN_BLOCK_CAPTURE_AUTORELEASING = YES;
				CLANG_WARN_BOOL_CONVERSION = YES;
				CLANG_WARN_COMMA = YES;
				CLANG_WARN_CONSTANT_CONVERSION = YES;
				CLANG_WARN_DEPRECATED_OBJC_IMPLEMENTATIONS = YES;
				CLANG_WARN_DIRECT_OBJC_ISA_USAGE = YES_ERROR;
				CLANG_WARN_DOCUMENTATION_COMMENTS = YES;
				CLANG_WARN_EMPTY_BODY = YES;
				CLANG_WARN_ENUM_CONVERSION = YES;
				CLANG_WARN_INFINITE_RECURSION = YES;
				CLANG_WARN_INT_CONVERSION = YES;
				CLANG_WARN_NON_LITERAL_NULL_CONVERSION = YES;
				CLANG_WARN_OBJC_IMPLICIT_RETAIN_SELF = YES;
				CLANG_WARN_OBJC_LITERAL_CONVERSION = YES;
				CLANG_WARN_OBJC_ROOT_CLASS = YES_ERROR;
				CLANG_WARN_QUOTED_INCLUDE_IN_FRAMEWORK_HEADER = YES;
				CLANG_WARN_RANGE_LOOP_ANALYSIS = YES;
				CLANG_WARN_STRICT_PROTOTYPES = YES;
				CLANG_WARN_SUSPICIOUS_MOVE = YES;
				CLANG_WARN_UNGUARDED_AVAILABILITY = YES_AGGRESSIVE;
				CLANG_WARN_UNREACHABLE_CODE = YES;
				CLANG_WARN__DUPLICATE_METHOD_MATCH = YES;
				COPY_PHASE_STRIP = NO;
				DEBUG_INFORMATION_FORMAT = dwarf;
				ENABLE_STRICT_OBJC_MSGSEND = YES;
				ENABLE_TESTABILITY = YES;
				GCC_C_LANGUAGE_STANDARD = gnu11;
				GCC_DYNAMIC_NO_PIC = NO;
				GCC_NO_COMMON_BLOCKS = YES;
				GCC_OPTIMIZATION_LEVEL = 0;
				GCC_PREPROCESSOR_DEFINITIONS = (
					"DEBUG=1",
					"$(inherited)",
				);
				GCC_WARN_64_TO_32_BIT_CONVERSION = YES;
				GCC_WARN_ABOUT_RETURN_TYPE = YES_ERROR;
				GCC_WARN_UNDECLARED_SELECTOR = YES;
				GCC_WARN_UNINITIALIZED_AUTOS = YES_AGGRESSIVE;
				GCC_WARN_UNUSED_FUNCTION = YES;
				GCC_WARN_UNUSED_VARIABLE = YES;
				IPHONEOS_DEPLOYMENT_TARGET = 14.0;
				MTL_ENABLE_DEBUG_INFO = INCLUDE_SOURCE;
				MTL_FAST_MATH = YES;
				ONLY_ACTIVE_ARCH = YES;
				SDKROOT = iphoneos;
				SWIFT_ACTIVE_COMPILATION_CONDITIONS = DEBUG;
				SWIFT_OPTIMIZATION_LEVEL = "-Onone";
			};
			name = Debug;
		};
		7CC36A3626EC5EDB007573DD /* Release */ = {
			isa = XCBuildConfiguration;
			buildSettings = {
				ALWAYS_SEARCH_USER_PATHS = NO;
				CLANG_ANALYZER_NONNULL = YES;
				CLANG_ANALYZER_NUMBER_OBJECT_CONVERSION = YES_AGGRESSIVE;
				CLANG_CXX_LANGUAGE_STANDARD = "gnu++14";
				CLANG_CXX_LIBRARY = "libc++";
				CLANG_ENABLE_MODULES = YES;
				CLANG_ENABLE_OBJC_ARC = YES;
				CLANG_ENABLE_OBJC_WEAK = YES;
				CLANG_WARN_BLOCK_CAPTURE_AUTORELEASING = YES;
				CLANG_WARN_BOOL_CONVERSION = YES;
				CLANG_WARN_COMMA = YES;
				CLANG_WARN_CONSTANT_CONVERSION = YES;
				CLANG_WARN_DEPRECATED_OBJC_IMPLEMENTATIONS = YES;
				CLANG_WARN_DIRECT_OBJC_ISA_USAGE = YES_ERROR;
				CLANG_WARN_DOCUMENTATION_COMMENTS = YES;
				CLANG_WARN_EMPTY_BODY = YES;
				CLANG_WARN_ENUM_CONVERSION = YES;
				CLANG_WARN_INFINITE_RECURSION = YES;
				CLANG_WARN_INT_CONVERSION = YES;
				CLANG_WARN_NON_LITERAL_NULL_CONVERSION = YES;
				CLANG_WARN_OBJC_IMPLICIT_RETAIN_SELF = YES;
				CLANG_WARN_OBJC_LITERAL_CONVERSION = YES;
				CLANG_WARN_OBJC_ROOT_CLASS = YES_ERROR;
				CLANG_WARN_QUOTED_INCLUDE_IN_FRAMEWORK_HEADER = YES;
				CLANG_WARN_RANGE_LOOP_ANALYSIS = YES;
				CLANG_WARN_STRICT_PROTOTYPES = YES;
				CLANG_WARN_SUSPICIOUS_MOVE = YES;
				CLANG_WARN_UNGUARDED_AVAILABILITY = YES_AGGRESSIVE;
				CLANG_WARN_UNREACHABLE_CODE = YES;
				CLANG_WARN__DUPLICATE_METHOD_MATCH = YES;
				COPY_PHASE_STRIP = NO;
				DEBUG_INFORMATION_FORMAT = "dwarf-with-dsym";
				ENABLE_NS_ASSERTIONS = NO;
				ENABLE_STRICT_OBJC_MSGSEND = YES;
				GCC_C_LANGUAGE_STANDARD = gnu11;
				GCC_NO_COMMON_BLOCKS = YES;
				GCC_WARN_64_TO_32_BIT_CONVERSION = YES;
				GCC_WARN_ABOUT_RETURN_TYPE = YES_ERROR;
				GCC_WARN_UNDECLARED_SELECTOR = YES;
				GCC_WARN_UNINITIALIZED_AUTOS = YES_AGGRESSIVE;
				GCC_WARN_UNUSED_FUNCTION = YES;
				GCC_WARN_UNUSED_VARIABLE = YES;
				IPHONEOS_DEPLOYMENT_TARGET = 14.0;
				MTL_ENABLE_DEBUG_INFO = NO;
				MTL_FAST_MATH = YES;
				SDKROOT = iphoneos;
				SWIFT_COMPILATION_MODE = wholemodule;
				SWIFT_OPTIMIZATION_LEVEL = "-O";
				VALIDATE_PRODUCT = YES;
			};
			name = Release;
		};
		7CC36A3826EC5EDB007573DD /* Debug */ = {
			isa = XCBuildConfiguration;
			baseConfigurationReference = AE20086C63AF53ABBB3FE514 /* Pods-Velance.debug.xcconfig */;
			buildSettings = {
				ASSETCATALOG_COMPILER_APPICON_NAME = AppIcon;
				ASSETCATALOG_COMPILER_GLOBAL_ACCENT_COLOR_NAME = AccentColor;
				CODE_SIGN_STYLE = Automatic;
				DEVELOPMENT_TEAM = SBX5GK4LT4;
				INFOPLIST_FILE = Velance/Info.plist;
				LD_RUNPATH_SEARCH_PATHS = (
					"$(inherited)",
					"@executable_path/Frameworks",
				);
				PRODUCT_BUNDLE_IDENTIFIER = co.knu.hackathon.Velance;
				PRODUCT_NAME = "$(TARGET_NAME)";
				SWIFT_VERSION = 5.0;
				TARGETED_DEVICE_FAMILY = 1;
			};
			name = Debug;
		};
		7CC36A3926EC5EDB007573DD /* Release */ = {
			isa = XCBuildConfiguration;
			baseConfigurationReference = 51542761A4DBABA0458111E7 /* Pods-Velance.release.xcconfig */;
			buildSettings = {
				ASSETCATALOG_COMPILER_APPICON_NAME = AppIcon;
				ASSETCATALOG_COMPILER_GLOBAL_ACCENT_COLOR_NAME = AccentColor;
				CODE_SIGN_STYLE = Automatic;
				DEVELOPMENT_TEAM = SBX5GK4LT4;
				INFOPLIST_FILE = Velance/Info.plist;
				LD_RUNPATH_SEARCH_PATHS = (
					"$(inherited)",
					"@executable_path/Frameworks",
				);
				PRODUCT_BUNDLE_IDENTIFIER = co.knu.hackathon.Velance;
				PRODUCT_NAME = "$(TARGET_NAME)";
				SWIFT_VERSION = 5.0;
				TARGETED_DEVICE_FAMILY = 1;
			};
			name = Release;
		};
/* End XCBuildConfiguration section */

/* Begin XCConfigurationList section */
		7CC36A1E26EC5ED8007573DD /* Build configuration list for PBXProject "Velance" */ = {
			isa = XCConfigurationList;
			buildConfigurations = (
				7CC36A3526EC5EDB007573DD /* Debug */,
				7CC36A3626EC5EDB007573DD /* Release */,
			);
			defaultConfigurationIsVisible = 0;
			defaultConfigurationName = Release;
		};
		7CC36A3726EC5EDB007573DD /* Build configuration list for PBXNativeTarget "Velance" */ = {
			isa = XCConfigurationList;
			buildConfigurations = (
				7CC36A3826EC5EDB007573DD /* Debug */,
				7CC36A3926EC5EDB007573DD /* Release */,
			);
			defaultConfigurationIsVisible = 0;
			defaultConfigurationName = Release;
		};
/* End XCConfigurationList section */
	};
	rootObject = 7CC36A1B26EC5ED8007573DD /* Project object */;
}
